// !$*UTF8*$!
{
	archiveVersion = 1;
	classes = {
	};
	objectVersion = 56;
	objects = {

/* Begin PBXBuildFile section */
		8A04A6FC2BD51C1B002779B0 /* SecureStorage.swift in Sources */ = {isa = PBXBuildFile; fileRef = 8A04A6FB2BD51C1B002779B0 /* SecureStorage.swift */; };
		8A04A6FE2BD52027002779B0 /* SecureStorageExtensions.swift in Sources */ = {isa = PBXBuildFile; fileRef = 8A04A6FD2BD52027002779B0 /* SecureStorageExtensions.swift */; };
		8A04A7002BD52B6B002779B0 /* SecurePropertyWrappers.swift in Sources */ = {isa = PBXBuildFile; fileRef = 8A04A6FF2BD52B6B002779B0 /* SecurePropertyWrappers.swift */; };
		8A04A7022BD52C39002779B0 /* SecureSettings.swift in Sources */ = {isa = PBXBuildFile; fileRef = 8A04A7012BD52C39002779B0 /* SecureSettings.swift */; };
		8A073CE02BB5F82A000FB56A /* AccountView.swift in Sources */ = {isa = PBXBuildFile; fileRef = 8A073CDF2BB5F82A000FB56A /* AccountView.swift */; };
		8A073CE22BB5F891000FB56A /* AccountViewModel.swift in Sources */ = {isa = PBXBuildFile; fileRef = 8A073CE12BB5F891000FB56A /* AccountViewModel.swift */; };
		8A104FD42BE9712900322462 /* AccountNetworkService.swift in Sources */ = {isa = PBXBuildFile; fileRef = 8A104FD32BE9712900322462 /* AccountNetworkService.swift */; };
		8A104FD62BE9719300322462 /* AuthorizationResponse.swift in Sources */ = {isa = PBXBuildFile; fileRef = 8A104FD52BE9719300322462 /* AuthorizationResponse.swift */; };
		8A12526C2BB4CE95009CEFDF /* Tab.swift in Sources */ = {isa = PBXBuildFile; fileRef = 8A12526B2BB4CE95009CEFDF /* Tab.swift */; };
		8A12526E2BB4CF95009CEFDF /* HomeView.swift in Sources */ = {isa = PBXBuildFile; fileRef = 8A12526D2BB4CF95009CEFDF /* HomeView.swift */; };
		8A2BF5582BEA4D28006925C7 /* AuthViewModel.swift in Sources */ = {isa = PBXBuildFile; fileRef = 8A2BF5572BEA4D28006925C7 /* AuthViewModel.swift */; };
		8A2BF55A2BEA6493006925C7 /* StudentEndpoints.swift in Sources */ = {isa = PBXBuildFile; fileRef = 8A2BF5592BEA6493006925C7 /* StudentEndpoints.swift */; };
		8A2BF55C2BEA66A6006925C7 /* StudentNetworkService.swift in Sources */ = {isa = PBXBuildFile; fileRef = 8A2BF55B2BEA66A6006925C7 /* StudentNetworkService.swift */; };
		8A2BF55F2BEA6A48006925C7 /* Roles.swift in Sources */ = {isa = PBXBuildFile; fileRef = 8A2BF55E2BEA6A48006925C7 /* Roles.swift */; };
		8A30499A2BE96EF40096FAC7 /* APITags.swift in Sources */ = {isa = PBXBuildFile; fileRef = 8A3049992BE96EF40096FAC7 /* APITags.swift */; };
		8A32DBD12BE95C8700CE2A09 /* RecordValue.swift in Sources */ = {isa = PBXBuildFile; fileRef = 8A32DBD02BE95C8700CE2A09 /* RecordValue.swift */; };
		8A4C42792BEB62740044889C /* TeacherEndpoints.swift in Sources */ = {isa = PBXBuildFile; fileRef = 8A4C42782BEB62740044889C /* TeacherEndpoints.swift */; };
		8A4C427C2BEB64B60044889C /* TeacherNetworkService.swift in Sources */ = {isa = PBXBuildFile; fileRef = 8A4C427B2BEB64B60044889C /* TeacherNetworkService.swift */; };
		8A4C427E2BEC329E0044889C /* RestorePasswordViewModel.swift in Sources */ = {isa = PBXBuildFile; fileRef = 8A4C427D2BEC329E0044889C /* RestorePasswordViewModel.swift */; };
		8A53B5172B0A7EDB00DD2F6F /* Swinject in Frameworks */ = {isa = PBXBuildFile; productRef = 8A53B5162B0A7EDB00DD2F6F /* Swinject */; };
		8A53B5192B0A7EDB00DD2F6F /* Swinject-Dynamic in Frameworks */ = {isa = PBXBuildFile; productRef = 8A53B5182B0A7EDB00DD2F6F /* Swinject-Dynamic */; };
		8A53B51B2B0A8B4500DD2F6F /* DataTransferService.swift in Sources */ = {isa = PBXBuildFile; fileRef = 8A53B51A2B0A8B4500DD2F6F /* DataTransferService.swift */; };
		8A58ED852BED76E600E4A357 /* SecureInputView.swift in Sources */ = {isa = PBXBuildFile; fileRef = 8A58ED842BED76E600E4A357 /* SecureInputView.swift */; };
		8A5BB3AD2BCFDC2A004EA891 /* GroupEndpoints.swift in Sources */ = {isa = PBXBuildFile; fileRef = 8A5BB3AC2BCFDC2A004EA891 /* GroupEndpoints.swift */; };
		8A5BB3AF2BCFDD39004EA891 /* TimetableEndpoints.swift in Sources */ = {isa = PBXBuildFile; fileRef = 8A5BB3AE2BCFDD39004EA891 /* TimetableEndpoints.swift */; };
		8A5BB3B12BCFDF74004EA891 /* GroupNetworkService.swift in Sources */ = {isa = PBXBuildFile; fileRef = 8A5BB3B02BCFDF74004EA891 /* GroupNetworkService.swift */; };
		8A5BB3B32BCFE052004EA891 /* TimetableNetworkService.swift in Sources */ = {isa = PBXBuildFile; fileRef = 8A5BB3B22BCFE052004EA891 /* TimetableNetworkService.swift */; };
		8A5C4E452B09259D00786C13 /* CurrentTimetable.swift in Sources */ = {isa = PBXBuildFile; fileRef = 8A5C4E442B09259D00786C13 /* CurrentTimetable.swift */; };
		8A5C4E472B0925D100786C13 /* Grouped.swift in Sources */ = {isa = PBXBuildFile; fileRef = 8A5C4E462B0925D100786C13 /* Grouped.swift */; };
		8A5C4E4B2B09269900786C13 /* Day.swift in Sources */ = {isa = PBXBuildFile; fileRef = 8A5C4E4A2B09269900786C13 /* Day.swift */; };
		8A5C4E4D2B0926E100786C13 /* WeekType.swift in Sources */ = {isa = PBXBuildFile; fileRef = 8A5C4E4C2B0926E100786C13 /* WeekType.swift */; };
		8A5C4E4F2B09272E00786C13 /* Timetable.swift in Sources */ = {isa = PBXBuildFile; fileRef = 8A5C4E4E2B09272E00786C13 /* Timetable.swift */; };
		8A5C4E512B09276B00786C13 /* Lesson.swift in Sources */ = {isa = PBXBuildFile; fileRef = 8A5C4E502B09276B00786C13 /* Lesson.swift */; };
		8A5C4E572B09281200786C13 /* Discipline.swift in Sources */ = {isa = PBXBuildFile; fileRef = 8A5C4E562B09281200786C13 /* Discipline.swift */; };
		8A5C4E592B09282B00786C13 /* DisciplineName.swift in Sources */ = {isa = PBXBuildFile; fileRef = 8A5C4E582B09282B00786C13 /* DisciplineName.swift */; };
		8A5C4E5B2B0928AE00786C13 /* DisciplineCode.swift in Sources */ = {isa = PBXBuildFile; fileRef = 8A5C4E5A2B0928AE00786C13 /* DisciplineCode.swift */; };
		8A5C4E5D2B09293100786C13 /* DisciplineType.swift in Sources */ = {isa = PBXBuildFile; fileRef = 8A5C4E5C2B09293100786C13 /* DisciplineType.swift */; };
		8A5C4E5F2B09299600786C13 /* TeacherClassroom.swift in Sources */ = {isa = PBXBuildFile; fileRef = 8A5C4E5E2B09299600786C13 /* TeacherClassroom.swift */; };
		8A5C4E612B0929B700786C13 /* Teacher.swift in Sources */ = {isa = PBXBuildFile; fileRef = 8A5C4E602B0929B700786C13 /* Teacher.swift */; };
		8A5C4E632B092A1700786C13 /* Classroom.swift in Sources */ = {isa = PBXBuildFile; fileRef = 8A5C4E622B092A1700786C13 /* Classroom.swift */; };
		8A5C4E652B092D9000786C13 /* SheduleViewModel.swift in Sources */ = {isa = PBXBuildFile; fileRef = 8A5C4E642B092D9000786C13 /* SheduleViewModel.swift */; };
		8A5D3B342B0885DE000B581C /* UserDefaultsService.swift in Sources */ = {isa = PBXBuildFile; fileRef = 8A5D3B332B0885DE000B581C /* UserDefaultsService.swift */; };
		8A6EC8492BD8616B003A449E /* AuthView.swift in Sources */ = {isa = PBXBuildFile; fileRef = 8A6EC8482BD8616B003A449E /* AuthView.swift */; };
		8A6EC84B2BD86A5E003A449E /* GroupsView.swift in Sources */ = {isa = PBXBuildFile; fileRef = 8A6EC84A2BD86A5E003A449E /* GroupsView.swift */; };
		8A6EC84D2BD88B37003A449E /* RestorePasswordView.swift in Sources */ = {isa = PBXBuildFile; fileRef = 8A6EC84C2BD88B37003A449E /* RestorePasswordView.swift */; };
		8A83B53A2BD3DC1200A5DA59 /* DateExtensions.swift in Sources */ = {isa = PBXBuildFile; fileRef = 8A83B5392BD3DC1200A5DA59 /* DateExtensions.swift */; };
		8A90228C2BEAB50300E593A9 /* LessonViewModel.swift in Sources */ = {isa = PBXBuildFile; fileRef = 8A90228B2BEAB50300E593A9 /* LessonViewModel.swift */; };
		8A9CB57C2B0A7E780067C9C5 /* Resolver.swift in Sources */ = {isa = PBXBuildFile; fileRef = 8A9CB57B2B0A7E780067C9C5 /* Resolver.swift */; };
		8AD3643C2BE9613100C32492 /* LessonChange.swift in Sources */ = {isa = PBXBuildFile; fileRef = 8AD3643B2BE9613100C32492 /* LessonChange.swift */; };
		8AD3643E2BE9623200C32492 /* Account.swift in Sources */ = {isa = PBXBuildFile; fileRef = 8AD3643D2BE9623200C32492 /* Account.swift */; };
		8AD364402BE9635200C32492 /* Name.swift in Sources */ = {isa = PBXBuildFile; fileRef = 8AD3643F2BE9635200C32492 /* Name.swift */; };
		8AD364422BE9636100C32492 /* Surname.swift in Sources */ = {isa = PBXBuildFile; fileRef = 8AD364412BE9636100C32492 /* Surname.swift */; };
		8AD364442BE9636E00C32492 /* MiddleName.swift in Sources */ = {isa = PBXBuildFile; fileRef = 8AD364432BE9636E00C32492 /* MiddleName.swift */; };
		8AD364462BE9637900C32492 /* Role.swift in Sources */ = {isa = PBXBuildFile; fileRef = 8AD364452BE9637900C32492 /* Role.swift */; };
		8AD364482BE9641900C32492 /* Student.swift in Sources */ = {isa = PBXBuildFile; fileRef = 8AD364472BE9641900C32492 /* Student.swift */; };
		8AD3644A2BE9646D00C32492 /* Employee.swift in Sources */ = {isa = PBXBuildFile; fileRef = 8AD364492BE9646D00C32492 /* Employee.swift */; };
		8AD3644C2BE964CA00C32492 /* Permission.swift in Sources */ = {isa = PBXBuildFile; fileRef = 8AD3644B2BE964CA00C32492 /* Permission.swift */; };
		8AE309672BCEFE51004688EE /* ColorExtensions.swift in Sources */ = {isa = PBXBuildFile; fileRef = 8AE309662BCEFE51004688EE /* ColorExtensions.swift */; };
		8AE309692BCEFE77004688EE /* ViewExtensions.swift in Sources */ = {isa = PBXBuildFile; fileRef = 8AE309682BCEFE77004688EE /* ViewExtensions.swift */; };
		8AE3096C2BCF2FD5004688EE /* AccountEndpoints.swift in Sources */ = {isa = PBXBuildFile; fileRef = 8AE3096B2BCF2FD5004688EE /* AccountEndpoints.swift */; };
		8AE309732BCF31DD004688EE /* Config.xcconfig in Resources */ = {isa = PBXBuildFile; fileRef = 8AE309722BCF31DD004688EE /* Config.xcconfig */; };
		8AE309742BCF31DD004688EE /* Config.xcconfig in Resources */ = {isa = PBXBuildFile; fileRef = 8AE309722BCF31DD004688EE /* Config.xcconfig */; };
		8AE309782BCF3359004688EE /* Configuration.swift in Sources */ = {isa = PBXBuildFile; fileRef = 8AE309772BCF3359004688EE /* Configuration.swift */; };
		8AE3097A2BCF3666004688EE /* API.swift in Sources */ = {isa = PBXBuildFile; fileRef = 8AE309792BCF3666004688EE /* API.swift */; };
		8AEB575F2B06C41500F05464 /* ScheduleMobileIosApp.swift in Sources */ = {isa = PBXBuildFile; fileRef = 8AEB575E2B06C41500F05464 /* ScheduleMobileIosApp.swift */; };
		8AEB57612B06C41500F05464 /* GroupView.swift in Sources */ = {isa = PBXBuildFile; fileRef = 8AEB57602B06C41500F05464 /* GroupView.swift */; };
		8AEB57632B06C41700F05464 /* Assets.xcassets in Resources */ = {isa = PBXBuildFile; fileRef = 8AEB57622B06C41700F05464 /* Assets.xcassets */; };
		8AEB57662B06C41700F05464 /* Preview Assets.xcassets in Resources */ = {isa = PBXBuildFile; fileRef = 8AEB57652B06C41700F05464 /* Preview Assets.xcassets */; };
		8AEB57702B06C41700F05464 /* ScheduleMobileIosTests.swift in Sources */ = {isa = PBXBuildFile; fileRef = 8AEB576F2B06C41700F05464 /* ScheduleMobileIosTests.swift */; };
		8AEB577A2B06C41700F05464 /* ScheduleMobileIosUITests.swift in Sources */ = {isa = PBXBuildFile; fileRef = 8AEB57792B06C41700F05464 /* ScheduleMobileIosUITests.swift */; };
		8AEB577C2B06C41700F05464 /* ScheduleMobileIosUITestsLaunchTests.swift in Sources */ = {isa = PBXBuildFile; fileRef = 8AEB577B2B06C41700F05464 /* ScheduleMobileIosUITestsLaunchTests.swift */; };
		8AEB57952B06C99400F05464 /* PagedList.swift in Sources */ = {isa = PBXBuildFile; fileRef = 8AEB57942B06C99400F05464 /* PagedList.swift */; };
		8AEB57972B06CA5400F05464 /* GroupModel.swift in Sources */ = {isa = PBXBuildFile; fileRef = 8AEB57962B06CA5300F05464 /* GroupModel.swift */; };
		8AEB57992B06CAB600F05464 /* Term.swift in Sources */ = {isa = PBXBuildFile; fileRef = 8AEB57982B06CAB600F05464 /* Term.swift */; };
		8AEB579B2B06CAF200F05464 /* Course.swift in Sources */ = {isa = PBXBuildFile; fileRef = 8AEB579A2B06CAF200F05464 /* Course.swift */; };
		8AEB579D2B06CB3000F05464 /* Speciality.swift in Sources */ = {isa = PBXBuildFile; fileRef = 8AEB579C2B06CB3000F05464 /* Speciality.swift */; };
		8AEB579F2B07622400F05464 /* GroupViewModel.swift in Sources */ = {isa = PBXBuildFile; fileRef = 8AEB579E2B07622400F05464 /* GroupViewModel.swift */; };
		8AEB57A22B07626500F05464 /* NavigationService.swift in Sources */ = {isa = PBXBuildFile; fileRef = 8AEB57A12B07626500F05464 /* NavigationService.swift */; };
		8AEB57A42B0763CB00F05464 /* ScheduleView.swift in Sources */ = {isa = PBXBuildFile; fileRef = 8AEB57A32B0763CB00F05464 /* ScheduleView.swift */; };
		8AFB835B2BBC60C10088035E /* WidgetKit.framework in Frameworks */ = {isa = PBXBuildFile; fileRef = 8AFB82F62BBC58A70088035E /* WidgetKit.framework */; };
		8AFB835C2BBC60C10088035E /* SwiftUI.framework in Frameworks */ = {isa = PBXBuildFile; fileRef = 8AFB82F82BBC58A70088035E /* SwiftUI.framework */; };
		8AFB835F2BBC60C10088035E /* ScheduleWidgetBundle.swift in Sources */ = {isa = PBXBuildFile; fileRef = 8AFB835E2BBC60C10088035E /* ScheduleWidgetBundle.swift */; };
		8AFB83612BBC60C10088035E /* ScheduleWidget.swift in Sources */ = {isa = PBXBuildFile; fileRef = 8AFB83602BBC60C10088035E /* ScheduleWidget.swift */; };
		8AFB83632BBC60C10088035E /* AppIntent.swift in Sources */ = {isa = PBXBuildFile; fileRef = 8AFB83622BBC60C10088035E /* AppIntent.swift */; };
		8AFB83652BBC60C20088035E /* Assets.xcassets in Resources */ = {isa = PBXBuildFile; fileRef = 8AFB83642BBC60C20088035E /* Assets.xcassets */; };
		8AFB83692BBC60C20088035E /* ScheduleWidgetExtension.appex in Embed Foundation Extensions */ = {isa = PBXBuildFile; fileRef = 8AFB835A2BBC60C10088035E /* ScheduleWidgetExtension.appex */; settings = {ATTRIBUTES = (RemoveHeadersOnCopy, ); }; };
		8AFB837A2BBC6B800088035E /* LessonView.swift in Sources */ = {isa = PBXBuildFile; fileRef = 8AFB83792BBC6B800088035E /* LessonView.swift */; };
		8AFB837F2BBC8CD40088035E /* WidgetLessonView.swift in Sources */ = {isa = PBXBuildFile; fileRef = 8AFB837E2BBC8CD40088035E /* WidgetLessonView.swift */; };
		8AFB83802BBC8CD40088035E /* WidgetLessonView.swift in Sources */ = {isa = PBXBuildFile; fileRef = 8AFB837E2BBC8CD40088035E /* WidgetLessonView.swift */; };
/* End PBXBuildFile section */

/* Begin PBXContainerItemProxy section */
		8AEB576C2B06C41700F05464 /* PBXContainerItemProxy */ = {
			isa = PBXContainerItemProxy;
			containerPortal = 8AEB57532B06C41500F05464 /* Project object */;
			proxyType = 1;
			remoteGlobalIDString = 8AEB575A2B06C41500F05464;
			remoteInfo = ScheduleMobileIos;
		};
		8AEB57762B06C41700F05464 /* PBXContainerItemProxy */ = {
			isa = PBXContainerItemProxy;
			containerPortal = 8AEB57532B06C41500F05464 /* Project object */;
			proxyType = 1;
			remoteGlobalIDString = 8AEB575A2B06C41500F05464;
			remoteInfo = ScheduleMobileIos;
		};
		8AFB83672BBC60C20088035E /* PBXContainerItemProxy */ = {
			isa = PBXContainerItemProxy;
			containerPortal = 8AEB57532B06C41500F05464 /* Project object */;
			proxyType = 1;
			remoteGlobalIDString = 8AFB83592BBC60C10088035E;
			remoteInfo = ScheduleWidgetExtension;
		};
/* End PBXContainerItemProxy section */

/* Begin PBXCopyFilesBuildPhase section */
		8AFB82B42BBC56AA0088035E /* Embed Foundation Extensions */ = {
			isa = PBXCopyFilesBuildPhase;
			buildActionMask = 2147483647;
			dstPath = "";
			dstSubfolderSpec = 13;
			files = (
				8AFB83692BBC60C20088035E /* ScheduleWidgetExtension.appex in Embed Foundation Extensions */,
			);
			name = "Embed Foundation Extensions";
			runOnlyForDeploymentPostprocessing = 0;
		};
/* End PBXCopyFilesBuildPhase section */

/* Begin PBXFileReference section */
		8A04A6FB2BD51C1B002779B0 /* SecureStorage.swift */ = {isa = PBXFileReference; lastKnownFileType = sourcecode.swift; path = SecureStorage.swift; sourceTree = "<group>"; };
		8A04A6FD2BD52027002779B0 /* SecureStorageExtensions.swift */ = {isa = PBXFileReference; lastKnownFileType = sourcecode.swift; path = SecureStorageExtensions.swift; sourceTree = "<group>"; };
		8A04A6FF2BD52B6B002779B0 /* SecurePropertyWrappers.swift */ = {isa = PBXFileReference; lastKnownFileType = sourcecode.swift; path = SecurePropertyWrappers.swift; sourceTree = "<group>"; };
		8A04A7012BD52C39002779B0 /* SecureSettings.swift */ = {isa = PBXFileReference; lastKnownFileType = sourcecode.swift; path = SecureSettings.swift; sourceTree = "<group>"; };
		8A073CDF2BB5F82A000FB56A /* AccountView.swift */ = {isa = PBXFileReference; lastKnownFileType = sourcecode.swift; path = AccountView.swift; sourceTree = "<group>"; };
		8A073CE12BB5F891000FB56A /* AccountViewModel.swift */ = {isa = PBXFileReference; lastKnownFileType = sourcecode.swift; path = AccountViewModel.swift; sourceTree = "<group>"; };
		8A104FD32BE9712900322462 /* AccountNetworkService.swift */ = {isa = PBXFileReference; lastKnownFileType = sourcecode.swift; path = AccountNetworkService.swift; sourceTree = "<group>"; };
		8A104FD52BE9719300322462 /* AuthorizationResponse.swift */ = {isa = PBXFileReference; lastKnownFileType = sourcecode.swift; path = AuthorizationResponse.swift; sourceTree = "<group>"; };
		8A12526B2BB4CE95009CEFDF /* Tab.swift */ = {isa = PBXFileReference; lastKnownFileType = sourcecode.swift; path = Tab.swift; sourceTree = "<group>"; };
		8A12526D2BB4CF95009CEFDF /* HomeView.swift */ = {isa = PBXFileReference; lastKnownFileType = sourcecode.swift; path = HomeView.swift; sourceTree = "<group>"; };
		8A2BF5572BEA4D28006925C7 /* AuthViewModel.swift */ = {isa = PBXFileReference; lastKnownFileType = sourcecode.swift; path = AuthViewModel.swift; sourceTree = "<group>"; };
		8A2BF5592BEA6493006925C7 /* StudentEndpoints.swift */ = {isa = PBXFileReference; lastKnownFileType = sourcecode.swift; path = StudentEndpoints.swift; sourceTree = "<group>"; };
		8A2BF55B2BEA66A6006925C7 /* StudentNetworkService.swift */ = {isa = PBXFileReference; lastKnownFileType = sourcecode.swift; path = StudentNetworkService.swift; sourceTree = "<group>"; };
		8A2BF55E2BEA6A48006925C7 /* Roles.swift */ = {isa = PBXFileReference; lastKnownFileType = sourcecode.swift; path = Roles.swift; sourceTree = "<group>"; };
		8A3049992BE96EF40096FAC7 /* APITags.swift */ = {isa = PBXFileReference; lastKnownFileType = sourcecode.swift; path = APITags.swift; sourceTree = "<group>"; };
		8A32DBD02BE95C8700CE2A09 /* RecordValue.swift */ = {isa = PBXFileReference; lastKnownFileType = sourcecode.swift; path = RecordValue.swift; sourceTree = "<group>"; };
		8A4C42782BEB62740044889C /* TeacherEndpoints.swift */ = {isa = PBXFileReference; lastKnownFileType = sourcecode.swift; path = TeacherEndpoints.swift; sourceTree = "<group>"; };
		8A4C427B2BEB64B60044889C /* TeacherNetworkService.swift */ = {isa = PBXFileReference; lastKnownFileType = sourcecode.swift; path = TeacherNetworkService.swift; sourceTree = "<group>"; };
		8A4C427D2BEC329E0044889C /* RestorePasswordViewModel.swift */ = {isa = PBXFileReference; lastKnownFileType = sourcecode.swift; path = RestorePasswordViewModel.swift; sourceTree = "<group>"; };
		8A53B51A2B0A8B4500DD2F6F /* DataTransferService.swift */ = {isa = PBXFileReference; lastKnownFileType = sourcecode.swift; path = DataTransferService.swift; sourceTree = "<group>"; };
		8A58ED842BED76E600E4A357 /* SecureInputView.swift */ = {isa = PBXFileReference; lastKnownFileType = sourcecode.swift; path = SecureInputView.swift; sourceTree = "<group>"; };
		8A5BB3AC2BCFDC2A004EA891 /* GroupEndpoints.swift */ = {isa = PBXFileReference; lastKnownFileType = sourcecode.swift; path = GroupEndpoints.swift; sourceTree = "<group>"; };
		8A5BB3AE2BCFDD39004EA891 /* TimetableEndpoints.swift */ = {isa = PBXFileReference; lastKnownFileType = sourcecode.swift; path = TimetableEndpoints.swift; sourceTree = "<group>"; };
		8A5BB3B02BCFDF74004EA891 /* GroupNetworkService.swift */ = {isa = PBXFileReference; lastKnownFileType = sourcecode.swift; path = GroupNetworkService.swift; sourceTree = "<group>"; };
		8A5BB3B22BCFE052004EA891 /* TimetableNetworkService.swift */ = {isa = PBXFileReference; lastKnownFileType = sourcecode.swift; path = TimetableNetworkService.swift; sourceTree = "<group>"; };
		8A5C4E442B09259D00786C13 /* CurrentTimetable.swift */ = {isa = PBXFileReference; lastKnownFileType = sourcecode.swift; path = CurrentTimetable.swift; sourceTree = "<group>"; };
		8A5C4E462B0925D100786C13 /* Grouped.swift */ = {isa = PBXFileReference; lastKnownFileType = sourcecode.swift; path = Grouped.swift; sourceTree = "<group>"; };
		8A5C4E4A2B09269900786C13 /* Day.swift */ = {isa = PBXFileReference; lastKnownFileType = sourcecode.swift; path = Day.swift; sourceTree = "<group>"; };
		8A5C4E4C2B0926E100786C13 /* WeekType.swift */ = {isa = PBXFileReference; lastKnownFileType = sourcecode.swift; path = WeekType.swift; sourceTree = "<group>"; };
		8A5C4E4E2B09272E00786C13 /* Timetable.swift */ = {isa = PBXFileReference; lastKnownFileType = sourcecode.swift; path = Timetable.swift; sourceTree = "<group>"; };
		8A5C4E502B09276B00786C13 /* Lesson.swift */ = {isa = PBXFileReference; lastKnownFileType = sourcecode.swift; path = Lesson.swift; sourceTree = "<group>"; };
		8A5C4E562B09281200786C13 /* Discipline.swift */ = {isa = PBXFileReference; lastKnownFileType = sourcecode.swift; path = Discipline.swift; sourceTree = "<group>"; };
		8A5C4E582B09282B00786C13 /* DisciplineName.swift */ = {isa = PBXFileReference; lastKnownFileType = sourcecode.swift; path = DisciplineName.swift; sourceTree = "<group>"; };
		8A5C4E5A2B0928AE00786C13 /* DisciplineCode.swift */ = {isa = PBXFileReference; lastKnownFileType = sourcecode.swift; path = DisciplineCode.swift; sourceTree = "<group>"; };
		8A5C4E5C2B09293100786C13 /* DisciplineType.swift */ = {isa = PBXFileReference; lastKnownFileType = sourcecode.swift; path = DisciplineType.swift; sourceTree = "<group>"; };
		8A5C4E5E2B09299600786C13 /* TeacherClassroom.swift */ = {isa = PBXFileReference; lastKnownFileType = sourcecode.swift; path = TeacherClassroom.swift; sourceTree = "<group>"; };
		8A5C4E602B0929B700786C13 /* Teacher.swift */ = {isa = PBXFileReference; lastKnownFileType = sourcecode.swift; path = Teacher.swift; sourceTree = "<group>"; };
		8A5C4E622B092A1700786C13 /* Classroom.swift */ = {isa = PBXFileReference; lastKnownFileType = sourcecode.swift; path = Classroom.swift; sourceTree = "<group>"; };
		8A5C4E642B092D9000786C13 /* SheduleViewModel.swift */ = {isa = PBXFileReference; lastKnownFileType = sourcecode.swift; path = SheduleViewModel.swift; sourceTree = "<group>"; };
		8A5D3B332B0885DE000B581C /* UserDefaultsService.swift */ = {isa = PBXFileReference; lastKnownFileType = sourcecode.swift; path = UserDefaultsService.swift; sourceTree = "<group>"; };
		8A6EC8482BD8616B003A449E /* AuthView.swift */ = {isa = PBXFileReference; lastKnownFileType = sourcecode.swift; path = AuthView.swift; sourceTree = "<group>"; };
		8A6EC84A2BD86A5E003A449E /* GroupsView.swift */ = {isa = PBXFileReference; lastKnownFileType = sourcecode.swift; path = GroupsView.swift; sourceTree = "<group>"; };
		8A6EC84C2BD88B37003A449E /* RestorePasswordView.swift */ = {isa = PBXFileReference; lastKnownFileType = sourcecode.swift; path = RestorePasswordView.swift; sourceTree = "<group>"; };
		8A83B5392BD3DC1200A5DA59 /* DateExtensions.swift */ = {isa = PBXFileReference; lastKnownFileType = sourcecode.swift; path = DateExtensions.swift; sourceTree = "<group>"; };
		8A90228B2BEAB50300E593A9 /* LessonViewModel.swift */ = {isa = PBXFileReference; lastKnownFileType = sourcecode.swift; path = LessonViewModel.swift; sourceTree = "<group>"; };
		8A9CB57B2B0A7E780067C9C5 /* Resolver.swift */ = {isa = PBXFileReference; lastKnownFileType = sourcecode.swift; path = Resolver.swift; sourceTree = "<group>"; };
		8AD3643B2BE9613100C32492 /* LessonChange.swift */ = {isa = PBXFileReference; lastKnownFileType = sourcecode.swift; path = LessonChange.swift; sourceTree = "<group>"; };
		8AD3643D2BE9623200C32492 /* Account.swift */ = {isa = PBXFileReference; lastKnownFileType = sourcecode.swift; path = Account.swift; sourceTree = "<group>"; };
		8AD3643F2BE9635200C32492 /* Name.swift */ = {isa = PBXFileReference; lastKnownFileType = sourcecode.swift; path = Name.swift; sourceTree = "<group>"; };
		8AD364412BE9636100C32492 /* Surname.swift */ = {isa = PBXFileReference; lastKnownFileType = sourcecode.swift; path = Surname.swift; sourceTree = "<group>"; };
		8AD364432BE9636E00C32492 /* MiddleName.swift */ = {isa = PBXFileReference; lastKnownFileType = sourcecode.swift; path = MiddleName.swift; sourceTree = "<group>"; };
		8AD364452BE9637900C32492 /* Role.swift */ = {isa = PBXFileReference; lastKnownFileType = sourcecode.swift; path = Role.swift; sourceTree = "<group>"; };
		8AD364472BE9641900C32492 /* Student.swift */ = {isa = PBXFileReference; lastKnownFileType = sourcecode.swift; path = Student.swift; sourceTree = "<group>"; };
		8AD364492BE9646D00C32492 /* Employee.swift */ = {isa = PBXFileReference; lastKnownFileType = sourcecode.swift; path = Employee.swift; sourceTree = "<group>"; };
		8AD3644B2BE964CA00C32492 /* Permission.swift */ = {isa = PBXFileReference; lastKnownFileType = sourcecode.swift; path = Permission.swift; sourceTree = "<group>"; };
		8AE309662BCEFE51004688EE /* ColorExtensions.swift */ = {isa = PBXFileReference; lastKnownFileType = sourcecode.swift; path = ColorExtensions.swift; sourceTree = "<group>"; };
		8AE309682BCEFE77004688EE /* ViewExtensions.swift */ = {isa = PBXFileReference; lastKnownFileType = sourcecode.swift; path = ViewExtensions.swift; sourceTree = "<group>"; };
		8AE3096B2BCF2FD5004688EE /* AccountEndpoints.swift */ = {isa = PBXFileReference; lastKnownFileType = sourcecode.swift; path = AccountEndpoints.swift; sourceTree = "<group>"; };
		8AE309722BCF31DD004688EE /* Config.xcconfig */ = {isa = PBXFileReference; lastKnownFileType = text.xcconfig; path = Config.xcconfig; sourceTree = "<group>"; };
		8AE309752BCF32DE004688EE /* Info.plist */ = {isa = PBXFileReference; lastKnownFileType = text.plist.xml; path = Info.plist; sourceTree = "<group>"; };
		8AE309772BCF3359004688EE /* Configuration.swift */ = {isa = PBXFileReference; lastKnownFileType = sourcecode.swift; path = Configuration.swift; sourceTree = "<group>"; };
		8AE309792BCF3666004688EE /* API.swift */ = {isa = PBXFileReference; lastKnownFileType = sourcecode.swift; path = API.swift; sourceTree = "<group>"; };
		8AEB575B2B06C41500F05464 /* ScheduleMobileIos.app */ = {isa = PBXFileReference; explicitFileType = wrapper.application; includeInIndex = 0; path = ScheduleMobileIos.app; sourceTree = BUILT_PRODUCTS_DIR; };
		8AEB575E2B06C41500F05464 /* ScheduleMobileIosApp.swift */ = {isa = PBXFileReference; lastKnownFileType = sourcecode.swift; path = ScheduleMobileIosApp.swift; sourceTree = "<group>"; };
		8AEB57602B06C41500F05464 /* GroupView.swift */ = {isa = PBXFileReference; lastKnownFileType = sourcecode.swift; path = GroupView.swift; sourceTree = "<group>"; };
		8AEB57622B06C41700F05464 /* Assets.xcassets */ = {isa = PBXFileReference; lastKnownFileType = folder.assetcatalog; path = Assets.xcassets; sourceTree = "<group>"; };
		8AEB57652B06C41700F05464 /* Preview Assets.xcassets */ = {isa = PBXFileReference; lastKnownFileType = folder.assetcatalog; path = "Preview Assets.xcassets"; sourceTree = "<group>"; };
		8AEB576B2B06C41700F05464 /* ScheduleMobileIosTests.xctest */ = {isa = PBXFileReference; explicitFileType = wrapper.cfbundle; includeInIndex = 0; path = ScheduleMobileIosTests.xctest; sourceTree = BUILT_PRODUCTS_DIR; };
		8AEB576F2B06C41700F05464 /* ScheduleMobileIosTests.swift */ = {isa = PBXFileReference; lastKnownFileType = sourcecode.swift; path = ScheduleMobileIosTests.swift; sourceTree = "<group>"; };
		8AEB57752B06C41700F05464 /* ScheduleMobileIosUITests.xctest */ = {isa = PBXFileReference; explicitFileType = wrapper.cfbundle; includeInIndex = 0; path = ScheduleMobileIosUITests.xctest; sourceTree = BUILT_PRODUCTS_DIR; };
		8AEB57792B06C41700F05464 /* ScheduleMobileIosUITests.swift */ = {isa = PBXFileReference; lastKnownFileType = sourcecode.swift; path = ScheduleMobileIosUITests.swift; sourceTree = "<group>"; };
		8AEB577B2B06C41700F05464 /* ScheduleMobileIosUITestsLaunchTests.swift */ = {isa = PBXFileReference; lastKnownFileType = sourcecode.swift; path = ScheduleMobileIosUITestsLaunchTests.swift; sourceTree = "<group>"; };
		8AEB57942B06C99400F05464 /* PagedList.swift */ = {isa = PBXFileReference; lastKnownFileType = sourcecode.swift; path = PagedList.swift; sourceTree = "<group>"; };
		8AEB57962B06CA5300F05464 /* GroupModel.swift */ = {isa = PBXFileReference; lastKnownFileType = sourcecode.swift; path = GroupModel.swift; sourceTree = "<group>"; };
		8AEB57982B06CAB600F05464 /* Term.swift */ = {isa = PBXFileReference; lastKnownFileType = sourcecode.swift; path = Term.swift; sourceTree = "<group>"; };
		8AEB579A2B06CAF200F05464 /* Course.swift */ = {isa = PBXFileReference; lastKnownFileType = sourcecode.swift; path = Course.swift; sourceTree = "<group>"; };
		8AEB579C2B06CB3000F05464 /* Speciality.swift */ = {isa = PBXFileReference; lastKnownFileType = sourcecode.swift; path = Speciality.swift; sourceTree = "<group>"; };
		8AEB579E2B07622400F05464 /* GroupViewModel.swift */ = {isa = PBXFileReference; lastKnownFileType = sourcecode.swift; path = GroupViewModel.swift; sourceTree = "<group>"; };
		8AEB57A12B07626500F05464 /* NavigationService.swift */ = {isa = PBXFileReference; lastKnownFileType = sourcecode.swift; path = NavigationService.swift; sourceTree = "<group>"; };
		8AEB57A32B0763CB00F05464 /* ScheduleView.swift */ = {isa = PBXFileReference; lastKnownFileType = sourcecode.swift; path = ScheduleView.swift; sourceTree = "<group>"; };
		8AFB82F62BBC58A70088035E /* WidgetKit.framework */ = {isa = PBXFileReference; lastKnownFileType = wrapper.framework; name = WidgetKit.framework; path = System/Library/Frameworks/WidgetKit.framework; sourceTree = SDKROOT; };
		8AFB82F82BBC58A70088035E /* SwiftUI.framework */ = {isa = PBXFileReference; lastKnownFileType = wrapper.framework; name = SwiftUI.framework; path = System/Library/Frameworks/SwiftUI.framework; sourceTree = SDKROOT; };
		8AFB835A2BBC60C10088035E /* ScheduleWidgetExtension.appex */ = {isa = PBXFileReference; explicitFileType = "wrapper.app-extension"; includeInIndex = 0; path = ScheduleWidgetExtension.appex; sourceTree = BUILT_PRODUCTS_DIR; };
		8AFB835E2BBC60C10088035E /* ScheduleWidgetBundle.swift */ = {isa = PBXFileReference; lastKnownFileType = sourcecode.swift; path = ScheduleWidgetBundle.swift; sourceTree = "<group>"; };
		8AFB83602BBC60C10088035E /* ScheduleWidget.swift */ = {isa = PBXFileReference; lastKnownFileType = sourcecode.swift; path = ScheduleWidget.swift; sourceTree = "<group>"; };
		8AFB83622BBC60C10088035E /* AppIntent.swift */ = {isa = PBXFileReference; lastKnownFileType = sourcecode.swift; path = AppIntent.swift; sourceTree = "<group>"; };
		8AFB83642BBC60C20088035E /* Assets.xcassets */ = {isa = PBXFileReference; lastKnownFileType = folder.assetcatalog; path = Assets.xcassets; sourceTree = "<group>"; };
		8AFB83662BBC60C20088035E /* Info.plist */ = {isa = PBXFileReference; lastKnownFileType = text.plist.xml; path = Info.plist; sourceTree = "<group>"; };
		8AFB83792BBC6B800088035E /* LessonView.swift */ = {isa = PBXFileReference; lastKnownFileType = sourcecode.swift; path = LessonView.swift; sourceTree = "<group>"; };
		8AFB837E2BBC8CD40088035E /* WidgetLessonView.swift */ = {isa = PBXFileReference; lastKnownFileType = sourcecode.swift; name = WidgetLessonView.swift; path = ScheduleWidget/WidgetLessonView.swift; sourceTree = SOURCE_ROOT; };
/* End PBXFileReference section */

/* Begin PBXFrameworksBuildPhase section */
		8AEB57582B06C41500F05464 /* Frameworks */ = {
			isa = PBXFrameworksBuildPhase;
			buildActionMask = 2147483647;
			files = (
				8A53B5172B0A7EDB00DD2F6F /* Swinject in Frameworks */,
				8A53B5192B0A7EDB00DD2F6F /* Swinject-Dynamic in Frameworks */,
			);
			runOnlyForDeploymentPostprocessing = 0;
		};
		8AEB57682B06C41700F05464 /* Frameworks */ = {
			isa = PBXFrameworksBuildPhase;
			buildActionMask = 2147483647;
			files = (
			);
			runOnlyForDeploymentPostprocessing = 0;
		};
		8AEB57722B06C41700F05464 /* Frameworks */ = {
			isa = PBXFrameworksBuildPhase;
			buildActionMask = 2147483647;
			files = (
			);
			runOnlyForDeploymentPostprocessing = 0;
		};
		8AFB83572BBC60C10088035E /* Frameworks */ = {
			isa = PBXFrameworksBuildPhase;
			buildActionMask = 2147483647;
			files = (
				8AFB835C2BBC60C10088035E /* SwiftUI.framework in Frameworks */,
				8AFB835B2BBC60C10088035E /* WidgetKit.framework in Frameworks */,
			);
			runOnlyForDeploymentPostprocessing = 0;
		};
/* End PBXFrameworksBuildPhase section */

/* Begin PBXGroup section */
		8A04A6FA2BD51C0C002779B0 /* Secure */ = {
			isa = PBXGroup;
			children = (
				8A04A6FB2BD51C1B002779B0 /* SecureStorage.swift */,
				8A04A6FF2BD52B6B002779B0 /* SecurePropertyWrappers.swift */,
				8A04A7012BD52C39002779B0 /* SecureSettings.swift */,
			);
			path = Secure;
			sourceTree = "<group>";
		};
		8A2BF55D2BEA6A24006925C7 /* Enums */ = {
			isa = PBXGroup;
			children = (
				8A2BF55E2BEA6A48006925C7 /* Roles.swift */,
			);
			path = Enums;
			sourceTree = "<group>";
		};
		8A5BB3AB2BCFDC07004EA891 /* NetworkServices */ = {
			isa = PBXGroup;
			children = (
				8A104FD32BE9712900322462 /* AccountNetworkService.swift */,
				8A5BB3B02BCFDF74004EA891 /* GroupNetworkService.swift */,
				8A2BF55B2BEA66A6006925C7 /* StudentNetworkService.swift */,
				8A4C427B2BEB64B60044889C /* TeacherNetworkService.swift */,
				8A5BB3B22BCFE052004EA891 /* TimetableNetworkService.swift */,
			);
			path = NetworkServices;
			sourceTree = "<group>";
		};
		8A9CB5772B0A7D470067C9C5 /* DI */ = {
			isa = PBXGroup;
			children = (
				8A9CB57B2B0A7E780067C9C5 /* Resolver.swift */,
			);
			path = DI;
			sourceTree = "<group>";
		};
		8AE309652BCEFE3A004688EE /* Extensions */ = {
			isa = PBXGroup;
			children = (
				8AE309662BCEFE51004688EE /* ColorExtensions.swift */,
				8AE309682BCEFE77004688EE /* ViewExtensions.swift */,
				8A83B5392BD3DC1200A5DA59 /* DateExtensions.swift */,
				8A04A6FD2BD52027002779B0 /* SecureStorageExtensions.swift */,
			);
			path = Extensions;
			sourceTree = "<group>";
		};
		8AE3096A2BCF2FBE004688EE /* Endpoints */ = {
			isa = PBXGroup;
			children = (
				8AE3096B2BCF2FD5004688EE /* AccountEndpoints.swift */,
				8A5BB3AC2BCFDC2A004EA891 /* GroupEndpoints.swift */,
				8A2BF5592BEA6493006925C7 /* StudentEndpoints.swift */,
				8A4C42782BEB62740044889C /* TeacherEndpoints.swift */,
				8A5BB3AE2BCFDD39004EA891 /* TimetableEndpoints.swift */,
			);
			path = Endpoints;
			sourceTree = "<group>";
		};
		8AEB57522B06C41500F05464 = {
			isa = PBXGroup;
			children = (
				8AE309722BCF31DD004688EE /* Config.xcconfig */,
				8AEB575D2B06C41500F05464 /* ScheduleMobileIos */,
				8AEB575E2B06C41500F05464 /* ScheduleMobileIosApp.swift */,
				8AEB576E2B06C41700F05464 /* ScheduleMobileIosTests */,
				8AEB57782B06C41700F05464 /* ScheduleMobileIosUITests */,
				8AFB835D2BBC60C10088035E /* ScheduleWidget */,
				8AFB82F52BBC58A70088035E /* Frameworks */,
				8AEB575C2B06C41500F05464 /* Products */,
			);
			sourceTree = "<group>";
		};
		8AEB575C2B06C41500F05464 /* Products */ = {
			isa = PBXGroup;
			children = (
				8AEB575B2B06C41500F05464 /* ScheduleMobileIos.app */,
				8AEB576B2B06C41700F05464 /* ScheduleMobileIosTests.xctest */,
				8AEB57752B06C41700F05464 /* ScheduleMobileIosUITests.xctest */,
				8AFB835A2BBC60C10088035E /* ScheduleWidgetExtension.appex */,
			);
			name = Products;
			sourceTree = "<group>";
		};
		8AEB575D2B06C41500F05464 /* ScheduleMobileIos */ = {
			isa = PBXGroup;
			children = (
				8AEB57642B06C41700F05464 /* Preview Content */,
				8AE309752BCF32DE004688EE /* Info.plist */,
				8AEB57622B06C41700F05464 /* Assets.xcassets */,
				8AE309772BCF3359004688EE /* Configuration.swift */,
				8A9CB5772B0A7D470067C9C5 /* DI */,
				8A2BF55D2BEA6A24006925C7 /* Enums */,
				8AE309652BCEFE3A004688EE /* Extensions */,
				8AEB578B2B06C4D900F05464 /* Models */,
				8AEB578C2B06C4F600F05464 /* Networking */,
				8A04A6FA2BD51C0C002779B0 /* Secure */,
				8AEB57A02B07625700F05464 /* Services */,
				8AEB578A2B06C4D200F05464 /* ViewModels */,
				8AEB57892B06C4CD00F05464 /* Views */,
			);
			path = ScheduleMobileIos;
			sourceTree = "<group>";
		};
		8AEB57642B06C41700F05464 /* Preview Content */ = {
			isa = PBXGroup;
			children = (
				8AEB57652B06C41700F05464 /* Preview Assets.xcassets */,
			);
			path = "Preview Content";
			sourceTree = "<group>";
		};
		8AEB576E2B06C41700F05464 /* ScheduleMobileIosTests */ = {
			isa = PBXGroup;
			children = (
				8AEB576F2B06C41700F05464 /* ScheduleMobileIosTests.swift */,
			);
			path = ScheduleMobileIosTests;
			sourceTree = "<group>";
		};
		8AEB57782B06C41700F05464 /* ScheduleMobileIosUITests */ = {
			isa = PBXGroup;
			children = (
				8AEB57792B06C41700F05464 /* ScheduleMobileIosUITests.swift */,
				8AEB577B2B06C41700F05464 /* ScheduleMobileIosUITestsLaunchTests.swift */,
			);
			path = ScheduleMobileIosUITests;
			sourceTree = "<group>";
		};
		8AEB57892B06C4CD00F05464 /* Views */ = {
			isa = PBXGroup;
			children = (
				8AFB83782BBC6B6D0088035E /* Components */,
				8AEB57602B06C41500F05464 /* GroupView.swift */,
				8AEB57A32B0763CB00F05464 /* ScheduleView.swift */,
				8A12526D2BB4CF95009CEFDF /* HomeView.swift */,
				8A073CDF2BB5F82A000FB56A /* AccountView.swift */,
				8A6EC8482BD8616B003A449E /* AuthView.swift */,
				8A6EC84C2BD88B37003A449E /* RestorePasswordView.swift */,
			);
			path = Views;
			sourceTree = "<group>";
		};
		8AEB578A2B06C4D200F05464 /* ViewModels */ = {
			isa = PBXGroup;
			children = (
				8AEB579E2B07622400F05464 /* GroupViewModel.swift */,
				8A5C4E642B092D9000786C13 /* SheduleViewModel.swift */,
				8A073CE12BB5F891000FB56A /* AccountViewModel.swift */,
				8A2BF5572BEA4D28006925C7 /* AuthViewModel.swift */,
				8A90228B2BEAB50300E593A9 /* LessonViewModel.swift */,
				8A4C427D2BEC329E0044889C /* RestorePasswordViewModel.swift */,
			);
			path = ViewModels;
			sourceTree = "<group>";
		};
		8AEB578B2B06C4D900F05464 /* Models */ = {
			isa = PBXGroup;
			children = (
				8AD3643D2BE9623200C32492 /* Account.swift */,
				8A5C4E622B092A1700786C13 /* Classroom.swift */,
				8AEB579A2B06CAF200F05464 /* Course.swift */,
				8A5C4E442B09259D00786C13 /* CurrentTimetable.swift */,
				8A5C4E4A2B09269900786C13 /* Day.swift */,
				8A5C4E562B09281200786C13 /* Discipline.swift */,
				8A5C4E5A2B0928AE00786C13 /* DisciplineCode.swift */,
				8A5C4E582B09282B00786C13 /* DisciplineName.swift */,
				8A5C4E5C2B09293100786C13 /* DisciplineType.swift */,
				8AD364492BE9646D00C32492 /* Employee.swift */,
				8AEB57962B06CA5300F05464 /* GroupModel.swift */,
				8A5C4E462B0925D100786C13 /* Grouped.swift */,
				8A5C4E502B09276B00786C13 /* Lesson.swift */,
				8AD3643B2BE9613100C32492 /* LessonChange.swift */,
				8AD364432BE9636E00C32492 /* MiddleName.swift */,
				8AD3643F2BE9635200C32492 /* Name.swift */,
				8AEB57942B06C99400F05464 /* PagedList.swift */,
				8AD3644B2BE964CA00C32492 /* Permission.swift */,
				8A32DBD02BE95C8700CE2A09 /* RecordValue.swift */,
				8AD364452BE9637900C32492 /* Role.swift */,
				8AEB579C2B06CB3000F05464 /* Speciality.swift */,
				8AD364472BE9641900C32492 /* Student.swift */,
				8AD364412BE9636100C32492 /* Surname.swift */,
				8A12526B2BB4CE95009CEFDF /* Tab.swift */,
				8A5C4E602B0929B700786C13 /* Teacher.swift */,
				8A5C4E5E2B09299600786C13 /* TeacherClassroom.swift */,
				8AEB57982B06CAB600F05464 /* Term.swift */,
				8A5C4E4E2B09272E00786C13 /* Timetable.swift */,
				8A5C4E4C2B0926E100786C13 /* WeekType.swift */,
				8A104FD52BE9719300322462 /* AuthorizationResponse.swift */,
			);
			path = Models;
			sourceTree = "<group>";
		};
		8AEB578C2B06C4F600F05464 /* Networking */ = {
			isa = PBXGroup;
			children = (
				8AE309792BCF3666004688EE /* API.swift */,
				8A3049992BE96EF40096FAC7 /* APITags.swift */,
				8AE3096A2BCF2FBE004688EE /* Endpoints */,
				8A5BB3AB2BCFDC07004EA891 /* NetworkServices */,
			);
			path = Networking;
			sourceTree = "<group>";
		};
		8AEB57A02B07625700F05464 /* Services */ = {
			isa = PBXGroup;
			children = (
				8AEB57A12B07626500F05464 /* NavigationService.swift */,
				8A5D3B332B0885DE000B581C /* UserDefaultsService.swift */,
				8A53B51A2B0A8B4500DD2F6F /* DataTransferService.swift */,
			);
			path = Services;
			sourceTree = "<group>";
		};
		8AFB82F52BBC58A70088035E /* Frameworks */ = {
			isa = PBXGroup;
			children = (
				8AFB82F62BBC58A70088035E /* WidgetKit.framework */,
				8AFB82F82BBC58A70088035E /* SwiftUI.framework */,
			);
			name = Frameworks;
			sourceTree = "<group>";
		};
		8AFB835D2BBC60C10088035E /* ScheduleWidget */ = {
			isa = PBXGroup;
			children = (
				8AFB837D2BBC8C480088035E /* Components */,
				8AFB835E2BBC60C10088035E /* ScheduleWidgetBundle.swift */,
				8AFB83602BBC60C10088035E /* ScheduleWidget.swift */,
				8AFB83622BBC60C10088035E /* AppIntent.swift */,
				8AFB83642BBC60C20088035E /* Assets.xcassets */,
				8AFB83662BBC60C20088035E /* Info.plist */,
			);
			path = ScheduleWidget;
			sourceTree = "<group>";
		};
		8AFB83782BBC6B6D0088035E /* Components */ = {
			isa = PBXGroup;
			children = (
				8AFB83792BBC6B800088035E /* LessonView.swift */,
				8A6EC84A2BD86A5E003A449E /* GroupsView.swift */,
				8A58ED842BED76E600E4A357 /* SecureInputView.swift */,
			);
			path = Components;
			sourceTree = "<group>";
		};
		8AFB837D2BBC8C480088035E /* Components */ = {
			isa = PBXGroup;
			children = (
				8AFB837E2BBC8CD40088035E /* WidgetLessonView.swift */,
			);
			path = Components;
			sourceTree = "<group>";
		};
/* End PBXGroup section */

/* Begin PBXNativeTarget section */
		8AEB575A2B06C41500F05464 /* ScheduleMobileIos */ = {
			isa = PBXNativeTarget;
			buildConfigurationList = 8AEB577F2B06C41700F05464 /* Build configuration list for PBXNativeTarget "ScheduleMobileIos" */;
			buildPhases = (
				8AEB57572B06C41500F05464 /* Sources */,
				8AEB57582B06C41500F05464 /* Frameworks */,
				8AEB57592B06C41500F05464 /* Resources */,
				8AEB57882B06C46F00F05464 /* ShellScript */,
				8AFB82B42BBC56AA0088035E /* Embed Foundation Extensions */,
			);
			buildRules = (
			);
			dependencies = (
				8AFB83682BBC60C20088035E /* PBXTargetDependency */,
			);
			name = ScheduleMobileIos;
			packageProductDependencies = (
				8A53B5162B0A7EDB00DD2F6F /* Swinject */,
				8A53B5182B0A7EDB00DD2F6F /* Swinject-Dynamic */,
			);
			productName = ScheduleMobileIos;
			productReference = 8AEB575B2B06C41500F05464 /* ScheduleMobileIos.app */;
			productType = "com.apple.product-type.application";
		};
		8AEB576A2B06C41700F05464 /* ScheduleMobileIosTests */ = {
			isa = PBXNativeTarget;
			buildConfigurationList = 8AEB57822B06C41700F05464 /* Build configuration list for PBXNativeTarget "ScheduleMobileIosTests" */;
			buildPhases = (
				8AEB57672B06C41700F05464 /* Sources */,
				8AEB57682B06C41700F05464 /* Frameworks */,
				8AEB57692B06C41700F05464 /* Resources */,
			);
			buildRules = (
			);
			dependencies = (
				8AEB576D2B06C41700F05464 /* PBXTargetDependency */,
			);
			name = ScheduleMobileIosTests;
			productName = ScheduleMobileIosTests;
			productReference = 8AEB576B2B06C41700F05464 /* ScheduleMobileIosTests.xctest */;
			productType = "com.apple.product-type.bundle.unit-test";
		};
		8AEB57742B06C41700F05464 /* ScheduleMobileIosUITests */ = {
			isa = PBXNativeTarget;
			buildConfigurationList = 8AEB57852B06C41700F05464 /* Build configuration list for PBXNativeTarget "ScheduleMobileIosUITests" */;
			buildPhases = (
				8AEB57712B06C41700F05464 /* Sources */,
				8AEB57722B06C41700F05464 /* Frameworks */,
				8AEB57732B06C41700F05464 /* Resources */,
			);
			buildRules = (
			);
			dependencies = (
				8AEB57772B06C41700F05464 /* PBXTargetDependency */,
			);
			name = ScheduleMobileIosUITests;
			productName = ScheduleMobileIosUITests;
			productReference = 8AEB57752B06C41700F05464 /* ScheduleMobileIosUITests.xctest */;
			productType = "com.apple.product-type.bundle.ui-testing";
		};
		8AFB83592BBC60C10088035E /* ScheduleWidgetExtension */ = {
			isa = PBXNativeTarget;
			buildConfigurationList = 8AFB836A2BBC60C20088035E /* Build configuration list for PBXNativeTarget "ScheduleWidgetExtension" */;
			buildPhases = (
				8AFB83562BBC60C10088035E /* Sources */,
				8AFB83572BBC60C10088035E /* Frameworks */,
				8AFB83582BBC60C10088035E /* Resources */,
			);
			buildRules = (
			);
			dependencies = (
			);
			name = ScheduleWidgetExtension;
			productName = ScheduleWidgetExtension;
			productReference = 8AFB835A2BBC60C10088035E /* ScheduleWidgetExtension.appex */;
			productType = "com.apple.product-type.app-extension";
		};
/* End PBXNativeTarget section */

/* Begin PBXProject section */
		8AEB57532B06C41500F05464 /* Project object */ = {
			isa = PBXProject;
			attributes = {
				BuildIndependentTargetsInParallel = 1;
				LastSwiftUpdateCheck = 1530;
				LastUpgradeCheck = 1500;
				TargetAttributes = {
					8AEB575A2B06C41500F05464 = {
						CreatedOnToolsVersion = 15.0;
					};
					8AEB576A2B06C41700F05464 = {
						CreatedOnToolsVersion = 15.0;
						TestTargetID = 8AEB575A2B06C41500F05464;
					};
					8AEB57742B06C41700F05464 = {
						CreatedOnToolsVersion = 15.0;
						TestTargetID = 8AEB575A2B06C41500F05464;
					};
					8AFB83592BBC60C10088035E = {
						CreatedOnToolsVersion = 15.3;
					};
				};
			};
			buildConfigurationList = 8AEB57562B06C41500F05464 /* Build configuration list for PBXProject "ScheduleMobileIos" */;
			compatibilityVersion = "Xcode 14.0";
			developmentRegion = en;
			hasScannedForEncodings = 0;
			knownRegions = (
				en,
				Base,
			);
			mainGroup = 8AEB57522B06C41500F05464;
			packageReferences = (
				8A9CB57A2B0A7DD30067C9C5 /* XCRemoteSwiftPackageReference "Swinject" */,
			);
			productRefGroup = 8AEB575C2B06C41500F05464 /* Products */;
			projectDirPath = "";
			projectRoot = "";
			targets = (
				8AEB575A2B06C41500F05464 /* ScheduleMobileIos */,
				8AEB576A2B06C41700F05464 /* ScheduleMobileIosTests */,
				8AEB57742B06C41700F05464 /* ScheduleMobileIosUITests */,
				8AFB83592BBC60C10088035E /* ScheduleWidgetExtension */,
			);
		};
/* End PBXProject section */

/* Begin PBXResourcesBuildPhase section */
		8AEB57592B06C41500F05464 /* Resources */ = {
			isa = PBXResourcesBuildPhase;
			buildActionMask = 2147483647;
			files = (
				8AEB57662B06C41700F05464 /* Preview Assets.xcassets in Resources */,
				8AE309732BCF31DD004688EE /* Config.xcconfig in Resources */,
				8AEB57632B06C41700F05464 /* Assets.xcassets in Resources */,
			);
			runOnlyForDeploymentPostprocessing = 0;
		};
		8AEB57692B06C41700F05464 /* Resources */ = {
			isa = PBXResourcesBuildPhase;
			buildActionMask = 2147483647;
			files = (
			);
			runOnlyForDeploymentPostprocessing = 0;
		};
		8AEB57732B06C41700F05464 /* Resources */ = {
			isa = PBXResourcesBuildPhase;
			buildActionMask = 2147483647;
			files = (
			);
			runOnlyForDeploymentPostprocessing = 0;
		};
		8AFB83582BBC60C10088035E /* Resources */ = {
			isa = PBXResourcesBuildPhase;
			buildActionMask = 2147483647;
			files = (
				8AE309742BCF31DD004688EE /* Config.xcconfig in Resources */,
				8AFB83652BBC60C20088035E /* Assets.xcassets in Resources */,
			);
			runOnlyForDeploymentPostprocessing = 0;
		};
/* End PBXResourcesBuildPhase section */

/* Begin PBXShellScriptBuildPhase section */
		8AEB57882B06C46F00F05464 /* ShellScript */ = {
			isa = PBXShellScriptBuildPhase;
			alwaysOutOfDate = 1;
			buildActionMask = 2147483647;
			files = (
			);
			inputFileListPaths = (
			);
			inputPaths = (
			);
			outputFileListPaths = (
			);
			outputPaths = (
			);
			runOnlyForDeploymentPostprocessing = 0;
			shellPath = /bin/sh;
			shellScript = "# Type a script or drag a script file from your workspace to insert its path.\nif which swiftlint >/dev/null; then\n  swiftlint\nelse\n  echo \"error: SwiftLint does not exist, download it from https://github.com/realm/SwiftLint\"\n  exit 1\nfi\n";
		};
/* End PBXShellScriptBuildPhase section */

/* Begin PBXSourcesBuildPhase section */
		8AEB57572B06C41500F05464 /* Sources */ = {
			isa = PBXSourcesBuildPhase;
			buildActionMask = 2147483647;
			files = (
				8A5C4E5F2B09299600786C13 /* TeacherClassroom.swift in Sources */,
				8AEB579B2B06CAF200F05464 /* Course.swift in Sources */,
				8AFB837F2BBC8CD40088035E /* WidgetLessonView.swift in Sources */,
				8A30499A2BE96EF40096FAC7 /* APITags.swift in Sources */,
				8A9CB57C2B0A7E780067C9C5 /* Resolver.swift in Sources */,
				8AD3644A2BE9646D00C32492 /* Employee.swift in Sources */,
				8AFB837A2BBC6B800088035E /* LessonView.swift in Sources */,
				8A5BB3AF2BCFDD39004EA891 /* TimetableEndpoints.swift in Sources */,
				8A5C4E4F2B09272E00786C13 /* Timetable.swift in Sources */,
				8A5D3B342B0885DE000B581C /* UserDefaultsService.swift in Sources */,
				8A04A7002BD52B6B002779B0 /* SecurePropertyWrappers.swift in Sources */,
				8A4C427C2BEB64B60044889C /* TeacherNetworkService.swift in Sources */,
				8A04A7022BD52C39002779B0 /* SecureSettings.swift in Sources */,
				8A2BF5582BEA4D28006925C7 /* AuthViewModel.swift in Sources */,
				8A5BB3AD2BCFDC2A004EA891 /* GroupEndpoints.swift in Sources */,
				8A5C4E592B09282B00786C13 /* DisciplineName.swift in Sources */,
				8AEB57612B06C41500F05464 /* GroupView.swift in Sources */,
				8AD3643E2BE9623200C32492 /* Account.swift in Sources */,
				8A58ED852BED76E600E4A357 /* SecureInputView.swift in Sources */,
				8AE3096C2BCF2FD5004688EE /* AccountEndpoints.swift in Sources */,
				8A6EC84B2BD86A5E003A449E /* GroupsView.swift in Sources */,
				8A104FD42BE9712900322462 /* AccountNetworkService.swift in Sources */,
				8A6EC8492BD8616B003A449E /* AuthView.swift in Sources */,
				8A2BF55A2BEA6493006925C7 /* StudentEndpoints.swift in Sources */,
				8A5BB3B32BCFE052004EA891 /* TimetableNetworkService.swift in Sources */,
				8A5C4E472B0925D100786C13 /* Grouped.swift in Sources */,
				8A32DBD12BE95C8700CE2A09 /* RecordValue.swift in Sources */,
				8A4C427E2BEC329E0044889C /* RestorePasswordViewModel.swift in Sources */,
				8AE3097A2BCF3666004688EE /* API.swift in Sources */,
				8A073CE22BB5F891000FB56A /* AccountViewModel.swift in Sources */,
				8AE309672BCEFE51004688EE /* ColorExtensions.swift in Sources */,
				8A2BF55C2BEA66A6006925C7 /* StudentNetworkService.swift in Sources */,
				8A104FD62BE9719300322462 /* AuthorizationResponse.swift in Sources */,
				8A5C4E572B09281200786C13 /* Discipline.swift in Sources */,
				8A5BB3B12BCFDF74004EA891 /* GroupNetworkService.swift in Sources */,
				8AE309692BCEFE77004688EE /* ViewExtensions.swift in Sources */,
				8A04A6FE2BD52027002779B0 /* SecureStorageExtensions.swift in Sources */,
				8A5C4E652B092D9000786C13 /* SheduleViewModel.swift in Sources */,
				8AEB57952B06C99400F05464 /* PagedList.swift in Sources */,
				8A6EC84D2BD88B37003A449E /* RestorePasswordView.swift in Sources */,
				8AEB579F2B07622400F05464 /* GroupViewModel.swift in Sources */,
				8A83B53A2BD3DC1200A5DA59 /* DateExtensions.swift in Sources */,
				8AD364442BE9636E00C32492 /* MiddleName.swift in Sources */,
				8AEB57A42B0763CB00F05464 /* ScheduleView.swift in Sources */,
				8A5C4E612B0929B700786C13 /* Teacher.swift in Sources */,
				8A073CE02BB5F82A000FB56A /* AccountView.swift in Sources */,
				8AD364422BE9636100C32492 /* Surname.swift in Sources */,
				8A2BF55F2BEA6A48006925C7 /* Roles.swift in Sources */,
				8A53B51B2B0A8B4500DD2F6F /* DataTransferService.swift in Sources */,
				8A4C42792BEB62740044889C /* TeacherEndpoints.swift in Sources */,
				8A5C4E452B09259D00786C13 /* CurrentTimetable.swift in Sources */,
				8A5C4E5B2B0928AE00786C13 /* DisciplineCode.swift in Sources */,
				8A90228C2BEAB50300E593A9 /* LessonViewModel.swift in Sources */,
				8A12526E2BB4CF95009CEFDF /* HomeView.swift in Sources */,
				8AEB57972B06CA5400F05464 /* GroupModel.swift in Sources */,
				8A5C4E632B092A1700786C13 /* Classroom.swift in Sources */,
				8AD3644C2BE964CA00C32492 /* Permission.swift in Sources */,
				8AE309782BCF3359004688EE /* Configuration.swift in Sources */,
				8A5C4E4B2B09269900786C13 /* Day.swift in Sources */,
				8AD364402BE9635200C32492 /* Name.swift in Sources */,
				8AEB57992B06CAB600F05464 /* Term.swift in Sources */,
				8AD3643C2BE9613100C32492 /* LessonChange.swift in Sources */,
				8A5C4E4D2B0926E100786C13 /* WeekType.swift in Sources */,
				8A12526C2BB4CE95009CEFDF /* Tab.swift in Sources */,
				8A5C4E512B09276B00786C13 /* Lesson.swift in Sources */,
				8A04A6FC2BD51C1B002779B0 /* SecureStorage.swift in Sources */,
				8AEB57A22B07626500F05464 /* NavigationService.swift in Sources */,
				8AEB579D2B06CB3000F05464 /* Speciality.swift in Sources */,
				8AEB575F2B06C41500F05464 /* ScheduleMobileIosApp.swift in Sources */,
				8AD364482BE9641900C32492 /* Student.swift in Sources */,
				8A5C4E5D2B09293100786C13 /* DisciplineType.swift in Sources */,
				8AD364462BE9637900C32492 /* Role.swift in Sources */,
			);
			runOnlyForDeploymentPostprocessing = 0;
		};
		8AEB57672B06C41700F05464 /* Sources */ = {
			isa = PBXSourcesBuildPhase;
			buildActionMask = 2147483647;
			files = (
				8AEB57702B06C41700F05464 /* ScheduleMobileIosTests.swift in Sources */,
			);
			runOnlyForDeploymentPostprocessing = 0;
		};
		8AEB57712B06C41700F05464 /* Sources */ = {
			isa = PBXSourcesBuildPhase;
			buildActionMask = 2147483647;
			files = (
				8AEB577A2B06C41700F05464 /* ScheduleMobileIosUITests.swift in Sources */,
				8AEB577C2B06C41700F05464 /* ScheduleMobileIosUITestsLaunchTests.swift in Sources */,
			);
			runOnlyForDeploymentPostprocessing = 0;
		};
		8AFB83562BBC60C10088035E /* Sources */ = {
			isa = PBXSourcesBuildPhase;
			buildActionMask = 2147483647;
			files = (
				8AFB83612BBC60C10088035E /* ScheduleWidget.swift in Sources */,
				8AFB835F2BBC60C10088035E /* ScheduleWidgetBundle.swift in Sources */,
				8AFB83802BBC8CD40088035E /* WidgetLessonView.swift in Sources */,
				8AFB83632BBC60C10088035E /* AppIntent.swift in Sources */,
			);
			runOnlyForDeploymentPostprocessing = 0;
		};
/* End PBXSourcesBuildPhase section */

/* Begin PBXTargetDependency section */
		8AEB576D2B06C41700F05464 /* PBXTargetDependency */ = {
			isa = PBXTargetDependency;
			target = 8AEB575A2B06C41500F05464 /* ScheduleMobileIos */;
			targetProxy = 8AEB576C2B06C41700F05464 /* PBXContainerItemProxy */;
		};
		8AEB57772B06C41700F05464 /* PBXTargetDependency */ = {
			isa = PBXTargetDependency;
			target = 8AEB575A2B06C41500F05464 /* ScheduleMobileIos */;
			targetProxy = 8AEB57762B06C41700F05464 /* PBXContainerItemProxy */;
		};
		8AFB83682BBC60C20088035E /* PBXTargetDependency */ = {
			isa = PBXTargetDependency;
			target = 8AFB83592BBC60C10088035E /* ScheduleWidgetExtension */;
			targetProxy = 8AFB83672BBC60C20088035E /* PBXContainerItemProxy */;
		};
/* End PBXTargetDependency section */

/* Begin XCBuildConfiguration section */
		8AEB577D2B06C41700F05464 /* Debug */ = {
			isa = XCBuildConfiguration;
			baseConfigurationReference = 8AE309722BCF31DD004688EE /* Config.xcconfig */;
			buildSettings = {
				ALWAYS_SEARCH_USER_PATHS = NO;
				ASSETCATALOG_COMPILER_GENERATE_SWIFT_ASSET_SYMBOL_EXTENSIONS = YES;
				CLANG_ANALYZER_NONNULL = YES;
				CLANG_ANALYZER_NUMBER_OBJECT_CONVERSION = YES_AGGRESSIVE;
				CLANG_CXX_LANGUAGE_STANDARD = "gnu++20";
				CLANG_ENABLE_MODULES = YES;
				CLANG_ENABLE_OBJC_ARC = YES;
				CLANG_ENABLE_OBJC_WEAK = YES;
				CLANG_WARN_BLOCK_CAPTURE_AUTORELEASING = YES;
				CLANG_WARN_BOOL_CONVERSION = YES;
				CLANG_WARN_COMMA = YES;
				CLANG_WARN_CONSTANT_CONVERSION = YES;
				CLANG_WARN_DEPRECATED_OBJC_IMPLEMENTATIONS = YES;
				CLANG_WARN_DIRECT_OBJC_ISA_USAGE = YES_ERROR;
				CLANG_WARN_DOCUMENTATION_COMMENTS = YES;
				CLANG_WARN_EMPTY_BODY = YES;
				CLANG_WARN_ENUM_CONVERSION = YES;
				CLANG_WARN_INFINITE_RECURSION = YES;
				CLANG_WARN_INT_CONVERSION = YES;
				CLANG_WARN_NON_LITERAL_NULL_CONVERSION = YES;
				CLANG_WARN_OBJC_IMPLICIT_RETAIN_SELF = YES;
				CLANG_WARN_OBJC_LITERAL_CONVERSION = YES;
				CLANG_WARN_OBJC_ROOT_CLASS = YES_ERROR;
				CLANG_WARN_QUOTED_INCLUDE_IN_FRAMEWORK_HEADER = YES;
				CLANG_WARN_RANGE_LOOP_ANALYSIS = YES;
				CLANG_WARN_STRICT_PROTOTYPES = YES;
				CLANG_WARN_SUSPICIOUS_MOVE = YES;
				CLANG_WARN_UNGUARDED_AVAILABILITY = YES_AGGRESSIVE;
				CLANG_WARN_UNREACHABLE_CODE = YES;
				CLANG_WARN__DUPLICATE_METHOD_MATCH = YES;
				COPY_PHASE_STRIP = NO;
				DEBUG_INFORMATION_FORMAT = dwarf;
				ENABLE_STRICT_OBJC_MSGSEND = YES;
				ENABLE_TESTABILITY = YES;
				ENABLE_USER_SCRIPT_SANDBOXING = NO;
				GCC_C_LANGUAGE_STANDARD = gnu17;
				GCC_DYNAMIC_NO_PIC = NO;
				GCC_NO_COMMON_BLOCKS = YES;
				GCC_OPTIMIZATION_LEVEL = 0;
				GCC_PREPROCESSOR_DEFINITIONS = (
					"DEBUG=1",
					"$(inherited)",
				);
				GCC_WARN_64_TO_32_BIT_CONVERSION = YES;
				GCC_WARN_ABOUT_RETURN_TYPE = YES_ERROR;
				GCC_WARN_UNDECLARED_SELECTOR = YES;
				GCC_WARN_UNINITIALIZED_AUTOS = YES_AGGRESSIVE;
				GCC_WARN_UNUSED_FUNCTION = YES;
				GCC_WARN_UNUSED_VARIABLE = YES;
				IPHONEOS_DEPLOYMENT_TARGET = 17.0;
				LOCALIZATION_PREFERS_STRING_CATALOGS = YES;
				MTL_ENABLE_DEBUG_INFO = INCLUDE_SOURCE;
				MTL_FAST_MATH = YES;
				ONLY_ACTIVE_ARCH = YES;
				SDKROOT = iphoneos;
				SWIFT_ACTIVE_COMPILATION_CONDITIONS = "DEBUG $(inherited)";
				SWIFT_OPTIMIZATION_LEVEL = "-Onone";
			};
			name = Debug;
		};
		8AEB577E2B06C41700F05464 /* Release */ = {
			isa = XCBuildConfiguration;
			baseConfigurationReference = 8AE309722BCF31DD004688EE /* Config.xcconfig */;
			buildSettings = {
				ALWAYS_SEARCH_USER_PATHS = NO;
				ASSETCATALOG_COMPILER_GENERATE_SWIFT_ASSET_SYMBOL_EXTENSIONS = YES;
				CLANG_ANALYZER_NONNULL = YES;
				CLANG_ANALYZER_NUMBER_OBJECT_CONVERSION = YES_AGGRESSIVE;
				CLANG_CXX_LANGUAGE_STANDARD = "gnu++20";
				CLANG_ENABLE_MODULES = YES;
				CLANG_ENABLE_OBJC_ARC = YES;
				CLANG_ENABLE_OBJC_WEAK = YES;
				CLANG_WARN_BLOCK_CAPTURE_AUTORELEASING = YES;
				CLANG_WARN_BOOL_CONVERSION = YES;
				CLANG_WARN_COMMA = YES;
				CLANG_WARN_CONSTANT_CONVERSION = YES;
				CLANG_WARN_DEPRECATED_OBJC_IMPLEMENTATIONS = YES;
				CLANG_WARN_DIRECT_OBJC_ISA_USAGE = YES_ERROR;
				CLANG_WARN_DOCUMENTATION_COMMENTS = YES;
				CLANG_WARN_EMPTY_BODY = YES;
				CLANG_WARN_ENUM_CONVERSION = YES;
				CLANG_WARN_INFINITE_RECURSION = YES;
				CLANG_WARN_INT_CONVERSION = YES;
				CLANG_WARN_NON_LITERAL_NULL_CONVERSION = YES;
				CLANG_WARN_OBJC_IMPLICIT_RETAIN_SELF = YES;
				CLANG_WARN_OBJC_LITERAL_CONVERSION = YES;
				CLANG_WARN_OBJC_ROOT_CLASS = YES_ERROR;
				CLANG_WARN_QUOTED_INCLUDE_IN_FRAMEWORK_HEADER = YES;
				CLANG_WARN_RANGE_LOOP_ANALYSIS = YES;
				CLANG_WARN_STRICT_PROTOTYPES = YES;
				CLANG_WARN_SUSPICIOUS_MOVE = YES;
				CLANG_WARN_UNGUARDED_AVAILABILITY = YES_AGGRESSIVE;
				CLANG_WARN_UNREACHABLE_CODE = YES;
				CLANG_WARN__DUPLICATE_METHOD_MATCH = YES;
				COPY_PHASE_STRIP = NO;
				DEBUG_INFORMATION_FORMAT = "dwarf-with-dsym";
				ENABLE_NS_ASSERTIONS = NO;
				ENABLE_STRICT_OBJC_MSGSEND = YES;
				ENABLE_USER_SCRIPT_SANDBOXING = NO;
				GCC_C_LANGUAGE_STANDARD = gnu17;
				GCC_NO_COMMON_BLOCKS = YES;
				GCC_WARN_64_TO_32_BIT_CONVERSION = YES;
				GCC_WARN_ABOUT_RETURN_TYPE = YES_ERROR;
				GCC_WARN_UNDECLARED_SELECTOR = YES;
				GCC_WARN_UNINITIALIZED_AUTOS = YES_AGGRESSIVE;
				GCC_WARN_UNUSED_FUNCTION = YES;
				GCC_WARN_UNUSED_VARIABLE = YES;
				IPHONEOS_DEPLOYMENT_TARGET = 17.0;
				LOCALIZATION_PREFERS_STRING_CATALOGS = YES;
				MTL_ENABLE_DEBUG_INFO = NO;
				MTL_FAST_MATH = YES;
				SDKROOT = iphoneos;
				SWIFT_COMPILATION_MODE = wholemodule;
				VALIDATE_PRODUCT = YES;
			};
			name = Release;
		};
		8AEB57802B06C41700F05464 /* Debug */ = {
			isa = XCBuildConfiguration;
			baseConfigurationReference = 8AE309722BCF31DD004688EE /* Config.xcconfig */;
			buildSettings = {
				ALWAYS_EMBED_SWIFT_STANDARD_LIBRARIES = YES;
				ASSETCATALOG_COMPILER_APPICON_NAME = AppIcon;
				ASSETCATALOG_COMPILER_GLOBAL_ACCENT_COLOR_NAME = AccentColor;
				CODE_SIGN_STYLE = Automatic;
				CURRENT_PROJECT_VERSION = 1;
				DEVELOPMENT_ASSET_PATHS = "\"ScheduleMobileIos/Preview Content\"";
				DEVELOPMENT_TEAM = U8B83989B5;
				ENABLE_PREVIEWS = YES;
				GENERATE_INFOPLIST_FILE = YES;
				INFOPLIST_KEY_UIApplicationSceneManifest_Generation = YES;
				INFOPLIST_KEY_UIApplicationSupportsIndirectInputEvents = YES;
				INFOPLIST_KEY_UILaunchScreen_Generation = YES;
				INFOPLIST_KEY_UIStatusBarStyle = "";
				INFOPLIST_KEY_UISupportedInterfaceOrientations_iPad = "UIInterfaceOrientationPortrait UIInterfaceOrientationPortraitUpsideDown UIInterfaceOrientationLandscapeLeft UIInterfaceOrientationLandscapeRight";
				INFOPLIST_KEY_UISupportedInterfaceOrientations_iPhone = "UIInterfaceOrientationPortrait UIInterfaceOrientationLandscapeLeft UIInterfaceOrientationLandscapeRight";
				LD_RUNPATH_SEARCH_PATHS = (
					"$(inherited)",
					"@executable_path/Frameworks",
				);
				MARKETING_VERSION = 1.0;
				PRODUCT_BUNDLE_IDENTIFIER = noh4uk.ScheduleMobileIos;
				PRODUCT_NAME = "$(TARGET_NAME)";
				SWIFT_EMIT_LOC_STRINGS = YES;
				SWIFT_VERSION = 5.0;
				TARGETED_DEVICE_FAMILY = "1,2";
			};
			name = Debug;
		};
		8AEB57812B06C41700F05464 /* Release */ = {
			isa = XCBuildConfiguration;
			baseConfigurationReference = 8AE309722BCF31DD004688EE /* Config.xcconfig */;
			buildSettings = {
				ALWAYS_EMBED_SWIFT_STANDARD_LIBRARIES = YES;
				ASSETCATALOG_COMPILER_APPICON_NAME = AppIcon;
				ASSETCATALOG_COMPILER_GLOBAL_ACCENT_COLOR_NAME = AccentColor;
				CODE_SIGN_STYLE = Automatic;
				CURRENT_PROJECT_VERSION = 1;
				DEVELOPMENT_ASSET_PATHS = "\"ScheduleMobileIos/Preview Content\"";
				DEVELOPMENT_TEAM = U8B83989B5;
				ENABLE_PREVIEWS = YES;
				GENERATE_INFOPLIST_FILE = YES;
				INFOPLIST_KEY_UIApplicationSceneManifest_Generation = YES;
				INFOPLIST_KEY_UIApplicationSupportsIndirectInputEvents = YES;
				INFOPLIST_KEY_UILaunchScreen_Generation = YES;
				INFOPLIST_KEY_UIStatusBarStyle = "";
				INFOPLIST_KEY_UISupportedInterfaceOrientations_iPad = "UIInterfaceOrientationPortrait UIInterfaceOrientationPortraitUpsideDown UIInterfaceOrientationLandscapeLeft UIInterfaceOrientationLandscapeRight";
				INFOPLIST_KEY_UISupportedInterfaceOrientations_iPhone = "UIInterfaceOrientationPortrait UIInterfaceOrientationLandscapeLeft UIInterfaceOrientationLandscapeRight";
				LD_RUNPATH_SEARCH_PATHS = (
					"$(inherited)",
					"@executable_path/Frameworks",
				);
				MARKETING_VERSION = 1.0;
				PRODUCT_BUNDLE_IDENTIFIER = noh4uk.ScheduleMobileIos;
				PRODUCT_NAME = "$(TARGET_NAME)";
				SWIFT_EMIT_LOC_STRINGS = YES;
				SWIFT_VERSION = 5.0;
				TARGETED_DEVICE_FAMILY = "1,2";
			};
			name = Release;
		};
		8AEB57832B06C41700F05464 /* Debug */ = {
			isa = XCBuildConfiguration;
			buildSettings = {
				ALWAYS_EMBED_SWIFT_STANDARD_LIBRARIES = YES;
				BUNDLE_LOADER = "$(TEST_HOST)";
				CODE_SIGN_STYLE = Automatic;
				CURRENT_PROJECT_VERSION = 1;
				DEVELOPMENT_TEAM = U8B83989B5;
				GENERATE_INFOPLIST_FILE = YES;
				IPHONEOS_DEPLOYMENT_TARGET = 17.0;
				MARKETING_VERSION = 1.0;
				PRODUCT_BUNDLE_IDENTIFIER = noh4uk.ScheduleMobileIosTests;
				PRODUCT_NAME = "$(TARGET_NAME)";
				SWIFT_EMIT_LOC_STRINGS = NO;
				SWIFT_VERSION = 5.0;
				TARGETED_DEVICE_FAMILY = "1,2";
				TEST_HOST = "$(BUILT_PRODUCTS_DIR)/ScheduleMobileIos.app/$(BUNDLE_EXECUTABLE_FOLDER_PATH)/ScheduleMobileIos";
			};
			name = Debug;
		};
		8AEB57842B06C41700F05464 /* Release */ = {
			isa = XCBuildConfiguration;
			buildSettings = {
				ALWAYS_EMBED_SWIFT_STANDARD_LIBRARIES = YES;
				BUNDLE_LOADER = "$(TEST_HOST)";
				CODE_SIGN_STYLE = Automatic;
				CURRENT_PROJECT_VERSION = 1;
				DEVELOPMENT_TEAM = U8B83989B5;
				GENERATE_INFOPLIST_FILE = YES;
				IPHONEOS_DEPLOYMENT_TARGET = 17.0;
				MARKETING_VERSION = 1.0;
				PRODUCT_BUNDLE_IDENTIFIER = noh4uk.ScheduleMobileIosTests;
				PRODUCT_NAME = "$(TARGET_NAME)";
				SWIFT_EMIT_LOC_STRINGS = NO;
				SWIFT_VERSION = 5.0;
				TARGETED_DEVICE_FAMILY = "1,2";
				TEST_HOST = "$(BUILT_PRODUCTS_DIR)/ScheduleMobileIos.app/$(BUNDLE_EXECUTABLE_FOLDER_PATH)/ScheduleMobileIos";
			};
			name = Release;
		};
		8AEB57862B06C41700F05464 /* Debug */ = {
			isa = XCBuildConfiguration;
			buildSettings = {
				ALWAYS_EMBED_SWIFT_STANDARD_LIBRARIES = YES;
				CODE_SIGN_STYLE = Automatic;
				CURRENT_PROJECT_VERSION = 1;
				DEVELOPMENT_TEAM = U8B83989B5;
				GENERATE_INFOPLIST_FILE = YES;
				MARKETING_VERSION = 1.0;
				PRODUCT_BUNDLE_IDENTIFIER = noh4uk.ScheduleMobileIosUITests;
				PRODUCT_NAME = "$(TARGET_NAME)";
				SWIFT_EMIT_LOC_STRINGS = NO;
				SWIFT_VERSION = 5.0;
				TARGETED_DEVICE_FAMILY = "1,2";
				TEST_TARGET_NAME = ScheduleMobileIos;
			};
			name = Debug;
		};
		8AEB57872B06C41700F05464 /* Release */ = {
			isa = XCBuildConfiguration;
			buildSettings = {
				ALWAYS_EMBED_SWIFT_STANDARD_LIBRARIES = YES;
				CODE_SIGN_STYLE = Automatic;
				CURRENT_PROJECT_VERSION = 1;
				DEVELOPMENT_TEAM = U8B83989B5;
				GENERATE_INFOPLIST_FILE = YES;
				MARKETING_VERSION = 1.0;
				PRODUCT_BUNDLE_IDENTIFIER = noh4uk.ScheduleMobileIosUITests;
				PRODUCT_NAME = "$(TARGET_NAME)";
				SWIFT_EMIT_LOC_STRINGS = NO;
				SWIFT_VERSION = 5.0;
				TARGETED_DEVICE_FAMILY = "1,2";
				TEST_TARGET_NAME = ScheduleMobileIos;
			};
			name = Release;
		};
		8AFB836B2BBC60C20088035E /* Debug */ = {
			isa = XCBuildConfiguration;
			buildSettings = {
				ASSETCATALOG_COMPILER_GLOBAL_ACCENT_COLOR_NAME = AccentColor;
				ASSETCATALOG_COMPILER_WIDGET_BACKGROUND_COLOR_NAME = WidgetBackground;
				CODE_SIGN_STYLE = Automatic;
				CURRENT_PROJECT_VERSION = 1;
				DEVELOPMENT_TEAM = U8B83989B5;
				ENABLE_USER_SCRIPT_SANDBOXING = YES;
				GENERATE_INFOPLIST_FILE = YES;
				INFOPLIST_FILE = ScheduleWidget/Info.plist;
				INFOPLIST_KEY_CFBundleDisplayName = ScheduleWidget;
				INFOPLIST_KEY_NSHumanReadableCopyright = "";
				IPHONEOS_DEPLOYMENT_TARGET = 17.0;
				LD_RUNPATH_SEARCH_PATHS = (
					"$(inherited)",
					"@executable_path/Frameworks",
					"@executable_path/../../Frameworks",
				);
				MARKETING_VERSION = 1.0;
				PRODUCT_BUNDLE_IDENTIFIER = noh4uk.ScheduleMobileIos.ScheduleWidget;
				PRODUCT_NAME = "$(TARGET_NAME)";
				SKIP_INSTALL = YES;
				SWIFT_EMIT_LOC_STRINGS = YES;
				SWIFT_VERSION = 5.0;
				TARGETED_DEVICE_FAMILY = "1,2";
			};
			name = Debug;
		};
		8AFB836C2BBC60C20088035E /* Release */ = {
			isa = XCBuildConfiguration;
			buildSettings = {
				ASSETCATALOG_COMPILER_GLOBAL_ACCENT_COLOR_NAME = AccentColor;
				ASSETCATALOG_COMPILER_WIDGET_BACKGROUND_COLOR_NAME = WidgetBackground;
				CODE_SIGN_STYLE = Automatic;
				CURRENT_PROJECT_VERSION = 1;
				DEVELOPMENT_TEAM = U8B83989B5;
				ENABLE_USER_SCRIPT_SANDBOXING = YES;
				GENERATE_INFOPLIST_FILE = YES;
				INFOPLIST_FILE = ScheduleWidget/Info.plist;
				INFOPLIST_KEY_CFBundleDisplayName = ScheduleWidget;
				INFOPLIST_KEY_NSHumanReadableCopyright = "";
				IPHONEOS_DEPLOYMENT_TARGET = 17.0;
				LD_RUNPATH_SEARCH_PATHS = (
					"$(inherited)",
					"@executable_path/Frameworks",
					"@executable_path/../../Frameworks",
				);
				MARKETING_VERSION = 1.0;
				PRODUCT_BUNDLE_IDENTIFIER = noh4uk.ScheduleMobileIos.ScheduleWidget;
				PRODUCT_NAME = "$(TARGET_NAME)";
				SKIP_INSTALL = YES;
				SWIFT_EMIT_LOC_STRINGS = YES;
				SWIFT_VERSION = 5.0;
				TARGETED_DEVICE_FAMILY = "1,2";
			};
			name = Release;
		};
/* End XCBuildConfiguration section */

/* Begin XCConfigurationList section */
		8AEB57562B06C41500F05464 /* Build configuration list for PBXProject "ScheduleMobileIos" */ = {
			isa = XCConfigurationList;
			buildConfigurations = (
				8AEB577D2B06C41700F05464 /* Debug */,
				8AEB577E2B06C41700F05464 /* Release */,
			);
			defaultConfigurationIsVisible = 0;
			defaultConfigurationName = Release;
		};
		8AEB577F2B06C41700F05464 /* Build configuration list for PBXNativeTarget "ScheduleMobileIos" */ = {
			isa = XCConfigurationList;
			buildConfigurations = (
				8AEB57802B06C41700F05464 /* Debug */,
				8AEB57812B06C41700F05464 /* Release */,
			);
			defaultConfigurationIsVisible = 0;
			defaultConfigurationName = Release;
		};
		8AEB57822B06C41700F05464 /* Build configuration list for PBXNativeTarget "ScheduleMobileIosTests" */ = {
			isa = XCConfigurationList;
			buildConfigurations = (
				8AEB57832B06C41700F05464 /* Debug */,
				8AEB57842B06C41700F05464 /* Release */,
			);
			defaultConfigurationIsVisible = 0;
			defaultConfigurationName = Release;
		};
		8AEB57852B06C41700F05464 /* Build configuration list for PBXNativeTarget "ScheduleMobileIosUITests" */ = {
			isa = XCConfigurationList;
			buildConfigurations = (
				8AEB57862B06C41700F05464 /* Debug */,
				8AEB57872B06C41700F05464 /* Release */,
			);
			defaultConfigurationIsVisible = 0;
			defaultConfigurationName = Release;
		};
		8AFB836A2BBC60C20088035E /* Build configuration list for PBXNativeTarget "ScheduleWidgetExtension" */ = {
			isa = XCConfigurationList;
			buildConfigurations = (
				8AFB836B2BBC60C20088035E /* Debug */,
				8AFB836C2BBC60C20088035E /* Release */,
			);
			defaultConfigurationIsVisible = 0;
			defaultConfigurationName = Release;
		};
/* End XCConfigurationList section */

/* Begin XCRemoteSwiftPackageReference section */
		8A9CB57A2B0A7DD30067C9C5 /* XCRemoteSwiftPackageReference "Swinject" */ = {
			isa = XCRemoteSwiftPackageReference;
			repositoryURL = "https://github.com/Swinject/Swinject.git";
			requirement = {
				kind = upToNextMajorVersion;
				minimumVersion = 2.8.4;
			};
		};
/* End XCRemoteSwiftPackageReference section */

/* Begin XCSwiftPackageProductDependency section */
		8A53B5162B0A7EDB00DD2F6F /* Swinject */ = {
			isa = XCSwiftPackageProductDependency;
			package = 8A9CB57A2B0A7DD30067C9C5 /* XCRemoteSwiftPackageReference "Swinject" */;
			productName = Swinject;
		};
		8A53B5182B0A7EDB00DD2F6F /* Swinject-Dynamic */ = {
			isa = XCSwiftPackageProductDependency;
			package = 8A9CB57A2B0A7DD30067C9C5 /* XCRemoteSwiftPackageReference "Swinject" */;
			productName = "Swinject-Dynamic";
		};
/* End XCSwiftPackageProductDependency section */
	};
	rootObject = 8AEB57532B06C41500F05464 /* Project object */;
}
