// !$*UTF8*$!
{
	archiveVersion = 1;
	classes = {
	};
	objectVersion = 56;
	objects = {

/* Begin PBXBuildFile section */
		8A53B5172B0A7EDB00DD2F6F /* Swinject in Frameworks */ = {isa = PBXBuildFile; productRef = 8A53B5162B0A7EDB00DD2F6F /* Swinject */; };
		8A53B5192B0A7EDB00DD2F6F /* Swinject-Dynamic in Frameworks */ = {isa = PBXBuildFile; productRef = 8A53B5182B0A7EDB00DD2F6F /* Swinject-Dynamic */; };
		8A53B51B2B0A8B4500DD2F6F /* DataTransferService.swift in Sources */ = {isa = PBXBuildFile; fileRef = 8A53B51A2B0A8B4500DD2F6F /* DataTransferService.swift */; };
		8A5C4E452B09259D00786C13 /* CurrentTimetable.swift in Sources */ = {isa = PBXBuildFile; fileRef = 8A5C4E442B09259D00786C13 /* CurrentTimetable.swift */; };
		8A5C4E472B0925D100786C13 /* Grouped.swift in Sources */ = {isa = PBXBuildFile; fileRef = 8A5C4E462B0925D100786C13 /* Grouped.swift */; };
		8A5C4E492B09266500786C13 /* DateModel.swift in Sources */ = {isa = PBXBuildFile; fileRef = 8A5C4E482B09266500786C13 /* DateModel.swift */; };
		8A5C4E4B2B09269900786C13 /* Day.swift in Sources */ = {isa = PBXBuildFile; fileRef = 8A5C4E4A2B09269900786C13 /* Day.swift */; };
		8A5C4E4D2B0926E100786C13 /* WeekType.swift in Sources */ = {isa = PBXBuildFile; fileRef = 8A5C4E4C2B0926E100786C13 /* WeekType.swift */; };
		8A5C4E4F2B09272E00786C13 /* Timetable.swift in Sources */ = {isa = PBXBuildFile; fileRef = 8A5C4E4E2B09272E00786C13 /* Timetable.swift */; };
		8A5C4E512B09276B00786C13 /* Lesson.swift in Sources */ = {isa = PBXBuildFile; fileRef = 8A5C4E502B09276B00786C13 /* Lesson.swift */; };
		8A5C4E532B09279900786C13 /* Time.swift in Sources */ = {isa = PBXBuildFile; fileRef = 8A5C4E522B09279900786C13 /* Time.swift */; };
		8A5C4E552B0927DB00786C13 /* TimeType.swift in Sources */ = {isa = PBXBuildFile; fileRef = 8A5C4E542B0927DB00786C13 /* TimeType.swift */; };
		8A5C4E572B09281200786C13 /* Discipline.swift in Sources */ = {isa = PBXBuildFile; fileRef = 8A5C4E562B09281200786C13 /* Discipline.swift */; };
		8A5C4E592B09282B00786C13 /* DisciplineName.swift in Sources */ = {isa = PBXBuildFile; fileRef = 8A5C4E582B09282B00786C13 /* DisciplineName.swift */; };
		8A5C4E5B2B0928AE00786C13 /* DisciplineCode.swift in Sources */ = {isa = PBXBuildFile; fileRef = 8A5C4E5A2B0928AE00786C13 /* DisciplineCode.swift */; };
		8A5C4E5D2B09293100786C13 /* DisciplineType.swift in Sources */ = {isa = PBXBuildFile; fileRef = 8A5C4E5C2B09293100786C13 /* DisciplineType.swift */; };
		8A5C4E5F2B09299600786C13 /* TeacherClassroom.swift in Sources */ = {isa = PBXBuildFile; fileRef = 8A5C4E5E2B09299600786C13 /* TeacherClassroom.swift */; };
		8A5C4E612B0929B700786C13 /* Teacher.swift in Sources */ = {isa = PBXBuildFile; fileRef = 8A5C4E602B0929B700786C13 /* Teacher.swift */; };
		8A5C4E632B092A1700786C13 /* Classroom.swift in Sources */ = {isa = PBXBuildFile; fileRef = 8A5C4E622B092A1700786C13 /* Classroom.swift */; };
		8A5C4E652B092D9000786C13 /* SheduleViewModel.swift in Sources */ = {isa = PBXBuildFile; fileRef = 8A5C4E642B092D9000786C13 /* SheduleViewModel.swift */; };
		8A5C4E682B09378000786C13 /* LessonView.swift in Sources */ = {isa = PBXBuildFile; fileRef = 8A5C4E672B09378000786C13 /* LessonView.swift */; };
		8A5C4E6A2B093A9F00786C13 /* TimetableView.swift in Sources */ = {isa = PBXBuildFile; fileRef = 8A5C4E692B093A9F00786C13 /* TimetableView.swift */; };
		8A5D3B342B0885DE000B581C /* GroupDefaultsService.swift in Sources */ = {isa = PBXBuildFile; fileRef = 8A5D3B332B0885DE000B581C /* GroupDefaultsService.swift */; };
		8A9CB57C2B0A7E780067C9C5 /* Resolver.swift in Sources */ = {isa = PBXBuildFile; fileRef = 8A9CB57B2B0A7E780067C9C5 /* Resolver.swift */; };
		8AEB575F2B06C41500F05464 /* ScheduleMobileIosApp.swift in Sources */ = {isa = PBXBuildFile; fileRef = 8AEB575E2B06C41500F05464 /* ScheduleMobileIosApp.swift */; };
		8AEB57612B06C41500F05464 /* GroupView.swift in Sources */ = {isa = PBXBuildFile; fileRef = 8AEB57602B06C41500F05464 /* GroupView.swift */; };
		8AEB57632B06C41700F05464 /* Assets.xcassets in Resources */ = {isa = PBXBuildFile; fileRef = 8AEB57622B06C41700F05464 /* Assets.xcassets */; };
		8AEB57662B06C41700F05464 /* Preview Assets.xcassets in Resources */ = {isa = PBXBuildFile; fileRef = 8AEB57652B06C41700F05464 /* Preview Assets.xcassets */; };
		8AEB57702B06C41700F05464 /* ScheduleMobileIosTests.swift in Sources */ = {isa = PBXBuildFile; fileRef = 8AEB576F2B06C41700F05464 /* ScheduleMobileIosTests.swift */; };
		8AEB577A2B06C41700F05464 /* ScheduleMobileIosUITests.swift in Sources */ = {isa = PBXBuildFile; fileRef = 8AEB57792B06C41700F05464 /* ScheduleMobileIosUITests.swift */; };
		8AEB577C2B06C41700F05464 /* ScheduleMobileIosUITestsLaunchTests.swift in Sources */ = {isa = PBXBuildFile; fileRef = 8AEB577B2B06C41700F05464 /* ScheduleMobileIosUITestsLaunchTests.swift */; };
		8AEB57912B06C54F00F05464 /* NetworkManager.swift in Sources */ = {isa = PBXBuildFile; fileRef = 8AEB57902B06C54F00F05464 /* NetworkManager.swift */; };
		8AEB57932B06C8DF00F05464 /* NetworkService.swift in Sources */ = {isa = PBXBuildFile; fileRef = 8AEB57922B06C8DF00F05464 /* NetworkService.swift */; };
		8AEB57952B06C99400F05464 /* PagedList.swift in Sources */ = {isa = PBXBuildFile; fileRef = 8AEB57942B06C99400F05464 /* PagedList.swift */; };
		8AEB57972B06CA5400F05464 /* Group.swift in Sources */ = {isa = PBXBuildFile; fileRef = 8AEB57962B06CA5300F05464 /* Group.swift */; };
		8AEB57992B06CAB600F05464 /* Term.swift in Sources */ = {isa = PBXBuildFile; fileRef = 8AEB57982B06CAB600F05464 /* Term.swift */; };
		8AEB579B2B06CAF200F05464 /* Course.swift in Sources */ = {isa = PBXBuildFile; fileRef = 8AEB579A2B06CAF200F05464 /* Course.swift */; };
		8AEB579D2B06CB3000F05464 /* Speciality.swift in Sources */ = {isa = PBXBuildFile; fileRef = 8AEB579C2B06CB3000F05464 /* Speciality.swift */; };
		8AEB579F2B07622400F05464 /* GroupViewModel.swift in Sources */ = {isa = PBXBuildFile; fileRef = 8AEB579E2B07622400F05464 /* GroupViewModel.swift */; };
		8AEB57A22B07626500F05464 /* NavigationService.swift in Sources */ = {isa = PBXBuildFile; fileRef = 8AEB57A12B07626500F05464 /* NavigationService.swift */; };
		8AEB57A42B0763CB00F05464 /* ScheduleView.swift in Sources */ = {isa = PBXBuildFile; fileRef = 8AEB57A32B0763CB00F05464 /* ScheduleView.swift */; };
/* End PBXBuildFile section */

/* Begin PBXContainerItemProxy section */
		8AEB576C2B06C41700F05464 /* PBXContainerItemProxy */ = {
			isa = PBXContainerItemProxy;
			containerPortal = 8AEB57532B06C41500F05464 /* Project object */;
			proxyType = 1;
			remoteGlobalIDString = 8AEB575A2B06C41500F05464;
			remoteInfo = ScheduleMobileIos;
		};
		8AEB57762B06C41700F05464 /* PBXContainerItemProxy */ = {
			isa = PBXContainerItemProxy;
			containerPortal = 8AEB57532B06C41500F05464 /* Project object */;
			proxyType = 1;
			remoteGlobalIDString = 8AEB575A2B06C41500F05464;
			remoteInfo = ScheduleMobileIos;
		};
/* End PBXContainerItemProxy section */

/* Begin PBXFileReference section */
		8A53B51A2B0A8B4500DD2F6F /* DataTransferService.swift */ = {isa = PBXFileReference; lastKnownFileType = sourcecode.swift; path = DataTransferService.swift; sourceTree = "<group>"; };
		8A5C4E442B09259D00786C13 /* CurrentTimetable.swift */ = {isa = PBXFileReference; lastKnownFileType = sourcecode.swift; path = CurrentTimetable.swift; sourceTree = "<group>"; };
		8A5C4E462B0925D100786C13 /* Grouped.swift */ = {isa = PBXFileReference; lastKnownFileType = sourcecode.swift; path = Grouped.swift; sourceTree = "<group>"; };
		8A5C4E482B09266500786C13 /* DateModel.swift */ = {isa = PBXFileReference; lastKnownFileType = sourcecode.swift; path = DateModel.swift; sourceTree = "<group>"; };
		8A5C4E4A2B09269900786C13 /* Day.swift */ = {isa = PBXFileReference; lastKnownFileType = sourcecode.swift; path = Day.swift; sourceTree = "<group>"; };
		8A5C4E4C2B0926E100786C13 /* WeekType.swift */ = {isa = PBXFileReference; lastKnownFileType = sourcecode.swift; path = WeekType.swift; sourceTree = "<group>"; };
		8A5C4E4E2B09272E00786C13 /* Timetable.swift */ = {isa = PBXFileReference; lastKnownFileType = sourcecode.swift; path = Timetable.swift; sourceTree = "<group>"; };
		8A5C4E502B09276B00786C13 /* Lesson.swift */ = {isa = PBXFileReference; lastKnownFileType = sourcecode.swift; path = Lesson.swift; sourceTree = "<group>"; };
		8A5C4E522B09279900786C13 /* Time.swift */ = {isa = PBXFileReference; lastKnownFileType = sourcecode.swift; path = Time.swift; sourceTree = "<group>"; };
		8A5C4E542B0927DB00786C13 /* TimeType.swift */ = {isa = PBXFileReference; lastKnownFileType = sourcecode.swift; path = TimeType.swift; sourceTree = "<group>"; };
		8A5C4E562B09281200786C13 /* Discipline.swift */ = {isa = PBXFileReference; lastKnownFileType = sourcecode.swift; path = Discipline.swift; sourceTree = "<group>"; };
		8A5C4E582B09282B00786C13 /* DisciplineName.swift */ = {isa = PBXFileReference; lastKnownFileType = sourcecode.swift; path = DisciplineName.swift; sourceTree = "<group>"; };
		8A5C4E5A2B0928AE00786C13 /* DisciplineCode.swift */ = {isa = PBXFileReference; lastKnownFileType = sourcecode.swift; path = DisciplineCode.swift; sourceTree = "<group>"; };
		8A5C4E5C2B09293100786C13 /* DisciplineType.swift */ = {isa = PBXFileReference; lastKnownFileType = sourcecode.swift; path = DisciplineType.swift; sourceTree = "<group>"; };
		8A5C4E5E2B09299600786C13 /* TeacherClassroom.swift */ = {isa = PBXFileReference; lastKnownFileType = sourcecode.swift; path = TeacherClassroom.swift; sourceTree = "<group>"; };
		8A5C4E602B0929B700786C13 /* Teacher.swift */ = {isa = PBXFileReference; lastKnownFileType = sourcecode.swift; path = Teacher.swift; sourceTree = "<group>"; };
		8A5C4E622B092A1700786C13 /* Classroom.swift */ = {isa = PBXFileReference; lastKnownFileType = sourcecode.swift; path = Classroom.swift; sourceTree = "<group>"; };
		8A5C4E642B092D9000786C13 /* SheduleViewModel.swift */ = {isa = PBXFileReference; lastKnownFileType = sourcecode.swift; path = SheduleViewModel.swift; sourceTree = "<group>"; };
		8A5C4E672B09378000786C13 /* LessonView.swift */ = {isa = PBXFileReference; lastKnownFileType = sourcecode.swift; path = LessonView.swift; sourceTree = "<group>"; };
		8A5C4E692B093A9F00786C13 /* TimetableView.swift */ = {isa = PBXFileReference; lastKnownFileType = sourcecode.swift; path = TimetableView.swift; sourceTree = "<group>"; };
		8A5D3B332B0885DE000B581C /* GroupDefaultsService.swift */ = {isa = PBXFileReference; lastKnownFileType = sourcecode.swift; path = GroupDefaultsService.swift; sourceTree = "<group>"; };
		8A9CB57B2B0A7E780067C9C5 /* Resolver.swift */ = {isa = PBXFileReference; lastKnownFileType = sourcecode.swift; path = Resolver.swift; sourceTree = "<group>"; };
		8AEB575B2B06C41500F05464 /* ScheduleMobileIos.app */ = {isa = PBXFileReference; explicitFileType = wrapper.application; includeInIndex = 0; path = ScheduleMobileIos.app; sourceTree = BUILT_PRODUCTS_DIR; };
		8AEB575E2B06C41500F05464 /* ScheduleMobileIosApp.swift */ = {isa = PBXFileReference; lastKnownFileType = sourcecode.swift; path = ScheduleMobileIosApp.swift; sourceTree = "<group>"; };
		8AEB57602B06C41500F05464 /* GroupView.swift */ = {isa = PBXFileReference; lastKnownFileType = sourcecode.swift; path = GroupView.swift; sourceTree = "<group>"; };
		8AEB57622B06C41700F05464 /* Assets.xcassets */ = {isa = PBXFileReference; lastKnownFileType = folder.assetcatalog; path = Assets.xcassets; sourceTree = "<group>"; };
		8AEB57652B06C41700F05464 /* Preview Assets.xcassets */ = {isa = PBXFileReference; lastKnownFileType = folder.assetcatalog; path = "Preview Assets.xcassets"; sourceTree = "<group>"; };
		8AEB576B2B06C41700F05464 /* ScheduleMobileIosTests.xctest */ = {isa = PBXFileReference; explicitFileType = wrapper.cfbundle; includeInIndex = 0; path = ScheduleMobileIosTests.xctest; sourceTree = BUILT_PRODUCTS_DIR; };
		8AEB576F2B06C41700F05464 /* ScheduleMobileIosTests.swift */ = {isa = PBXFileReference; lastKnownFileType = sourcecode.swift; path = ScheduleMobileIosTests.swift; sourceTree = "<group>"; };
		8AEB57752B06C41700F05464 /* ScheduleMobileIosUITests.xctest */ = {isa = PBXFileReference; explicitFileType = wrapper.cfbundle; includeInIndex = 0; path = ScheduleMobileIosUITests.xctest; sourceTree = BUILT_PRODUCTS_DIR; };
		8AEB57792B06C41700F05464 /* ScheduleMobileIosUITests.swift */ = {isa = PBXFileReference; lastKnownFileType = sourcecode.swift; path = ScheduleMobileIosUITests.swift; sourceTree = "<group>"; };
		8AEB577B2B06C41700F05464 /* ScheduleMobileIosUITestsLaunchTests.swift */ = {isa = PBXFileReference; lastKnownFileType = sourcecode.swift; path = ScheduleMobileIosUITestsLaunchTests.swift; sourceTree = "<group>"; };
		8AEB57902B06C54F00F05464 /* NetworkManager.swift */ = {isa = PBXFileReference; lastKnownFileType = sourcecode.swift; path = NetworkManager.swift; sourceTree = "<group>"; };
		8AEB57922B06C8DF00F05464 /* NetworkService.swift */ = {isa = PBXFileReference; lastKnownFileType = sourcecode.swift; path = NetworkService.swift; sourceTree = "<group>"; };
		8AEB57942B06C99400F05464 /* PagedList.swift */ = {isa = PBXFileReference; lastKnownFileType = sourcecode.swift; path = PagedList.swift; sourceTree = "<group>"; };
		8AEB57962B06CA5300F05464 /* Group.swift */ = {isa = PBXFileReference; lastKnownFileType = sourcecode.swift; path = Group.swift; sourceTree = "<group>"; };
		8AEB57982B06CAB600F05464 /* Term.swift */ = {isa = PBXFileReference; lastKnownFileType = sourcecode.swift; path = Term.swift; sourceTree = "<group>"; };
		8AEB579A2B06CAF200F05464 /* Course.swift */ = {isa = PBXFileReference; lastKnownFileType = sourcecode.swift; path = Course.swift; sourceTree = "<group>"; };
		8AEB579C2B06CB3000F05464 /* Speciality.swift */ = {isa = PBXFileReference; lastKnownFileType = sourcecode.swift; path = Speciality.swift; sourceTree = "<group>"; };
		8AEB579E2B07622400F05464 /* GroupViewModel.swift */ = {isa = PBXFileReference; lastKnownFileType = sourcecode.swift; path = GroupViewModel.swift; sourceTree = "<group>"; };
		8AEB57A12B07626500F05464 /* NavigationService.swift */ = {isa = PBXFileReference; lastKnownFileType = sourcecode.swift; path = NavigationService.swift; sourceTree = "<group>"; };
		8AEB57A32B0763CB00F05464 /* ScheduleView.swift */ = {isa = PBXFileReference; lastKnownFileType = sourcecode.swift; path = ScheduleView.swift; sourceTree = "<group>"; };
/* End PBXFileReference section */

/* Begin PBXFrameworksBuildPhase section */
		8AEB57582B06C41500F05464 /* Frameworks */ = {
			isa = PBXFrameworksBuildPhase;
			buildActionMask = 2147483647;
			files = (
				8A53B5172B0A7EDB00DD2F6F /* Swinject in Frameworks */,
				8A53B5192B0A7EDB00DD2F6F /* Swinject-Dynamic in Frameworks */,
			);
			runOnlyForDeploymentPostprocessing = 0;
		};
		8AEB57682B06C41700F05464 /* Frameworks */ = {
			isa = PBXFrameworksBuildPhase;
			buildActionMask = 2147483647;
			files = (
			);
			runOnlyForDeploymentPostprocessing = 0;
		};
		8AEB57722B06C41700F05464 /* Frameworks */ = {
			isa = PBXFrameworksBuildPhase;
			buildActionMask = 2147483647;
			files = (
			);
			runOnlyForDeploymentPostprocessing = 0;
		};
/* End PBXFrameworksBuildPhase section */

/* Begin PBXGroup section */
		8A5C4E662B092F4000786C13 /* Components */ = {
			isa = PBXGroup;
			children = (
				8A5C4E672B09378000786C13 /* LessonView.swift */,
				8A5C4E692B093A9F00786C13 /* TimetableView.swift */,
			);
			path = Components;
			sourceTree = "<group>";
		};
		8A9CB5772B0A7D470067C9C5 /* DI */ = {
			isa = PBXGroup;
			children = (
				8A9CB57B2B0A7E780067C9C5 /* Resolver.swift */,
			);
			path = DI;
			sourceTree = "<group>";
		};
		8AEB57522B06C41500F05464 = {
			isa = PBXGroup;
			children = (
				8AEB575D2B06C41500F05464 /* ScheduleMobileIos */,
				8AEB576E2B06C41700F05464 /* ScheduleMobileIosTests */,
				8AEB57782B06C41700F05464 /* ScheduleMobileIosUITests */,
				8AEB575C2B06C41500F05464 /* Products */,
			);
			sourceTree = "<group>";
		};
		8AEB575C2B06C41500F05464 /* Products */ = {
			isa = PBXGroup;
			children = (
				8AEB575B2B06C41500F05464 /* ScheduleMobileIos.app */,
				8AEB576B2B06C41700F05464 /* ScheduleMobileIosTests.xctest */,
				8AEB57752B06C41700F05464 /* ScheduleMobileIosUITests.xctest */,
			);
			name = Products;
			sourceTree = "<group>";
		};
		8AEB575D2B06C41500F05464 /* ScheduleMobileIos */ = {
			isa = PBXGroup;
			children = (
				8A9CB5772B0A7D470067C9C5 /* DI */,
				8AEB57A02B07625700F05464 /* Services */,
				8AEB578C2B06C4F600F05464 /* Network */,
				8AEB578B2B06C4D900F05464 /* Models */,
				8AEB578A2B06C4D200F05464 /* ViewModels */,
				8AEB57892B06C4CD00F05464 /* Views */,
				8AEB575E2B06C41500F05464 /* ScheduleMobileIosApp.swift */,
				8AEB57622B06C41700F05464 /* Assets.xcassets */,
				8AEB57642B06C41700F05464 /* Preview Content */,
			);
			path = ScheduleMobileIos;
			sourceTree = "<group>";
		};
		8AEB57642B06C41700F05464 /* Preview Content */ = {
			isa = PBXGroup;
			children = (
				8AEB57652B06C41700F05464 /* Preview Assets.xcassets */,
			);
			path = "Preview Content";
			sourceTree = "<group>";
		};
		8AEB576E2B06C41700F05464 /* ScheduleMobileIosTests */ = {
			isa = PBXGroup;
			children = (
				8AEB576F2B06C41700F05464 /* ScheduleMobileIosTests.swift */,
			);
			path = ScheduleMobileIosTests;
			sourceTree = "<group>";
		};
		8AEB57782B06C41700F05464 /* ScheduleMobileIosUITests */ = {
			isa = PBXGroup;
			children = (
				8AEB57792B06C41700F05464 /* ScheduleMobileIosUITests.swift */,
				8AEB577B2B06C41700F05464 /* ScheduleMobileIosUITestsLaunchTests.swift */,
			);
			path = ScheduleMobileIosUITests;
			sourceTree = "<group>";
		};
		8AEB57892B06C4CD00F05464 /* Views */ = {
			isa = PBXGroup;
			children = (
				8A5C4E662B092F4000786C13 /* Components */,
				8AEB57602B06C41500F05464 /* GroupView.swift */,
				8AEB57A32B0763CB00F05464 /* ScheduleView.swift */,
			);
			path = Views;
			sourceTree = "<group>";
		};
		8AEB578A2B06C4D200F05464 /* ViewModels */ = {
			isa = PBXGroup;
			children = (
				8AEB579E2B07622400F05464 /* GroupViewModel.swift */,
				8A5C4E642B092D9000786C13 /* SheduleViewModel.swift */,
			);
			path = ViewModels;
			sourceTree = "<group>";
		};
		8AEB578B2B06C4D900F05464 /* Models */ = {
			isa = PBXGroup;
			children = (
				8AEB57942B06C99400F05464 /* PagedList.swift */,
				8AEB57962B06CA5300F05464 /* Group.swift */,
				8AEB579C2B06CB3000F05464 /* Speciality.swift */,
				8AEB57982B06CAB600F05464 /* Term.swift */,
				8AEB579A2B06CAF200F05464 /* Course.swift */,
				8A5C4E442B09259D00786C13 /* CurrentTimetable.swift */,
				8A5C4E4E2B09272E00786C13 /* Timetable.swift */,
				8A5C4E502B09276B00786C13 /* Lesson.swift */,
				8A5C4E5E2B09299600786C13 /* TeacherClassroom.swift */,
				8A5C4E622B092A1700786C13 /* Classroom.swift */,
				8A5C4E602B0929B700786C13 /* Teacher.swift */,
				8A5C4E562B09281200786C13 /* Discipline.swift */,
				8A5C4E5C2B09293100786C13 /* DisciplineType.swift */,
				8A5C4E5A2B0928AE00786C13 /* DisciplineCode.swift */,
				8A5C4E582B09282B00786C13 /* DisciplineName.swift */,
				8A5C4E522B09279900786C13 /* Time.swift */,
				8A5C4E542B0927DB00786C13 /* TimeType.swift */,
				8A5C4E482B09266500786C13 /* DateModel.swift */,
				8A5C4E4C2B0926E100786C13 /* WeekType.swift */,
				8A5C4E4A2B09269900786C13 /* Day.swift */,
				8A5C4E462B0925D100786C13 /* Grouped.swift */,
			);
			path = Models;
			sourceTree = "<group>";
		};
		8AEB578C2B06C4F600F05464 /* Network */ = {
			isa = PBXGroup;
			children = (
				8AEB57902B06C54F00F05464 /* NetworkManager.swift */,
			);
			path = Network;
			sourceTree = "<group>";
		};
		8AEB57A02B07625700F05464 /* Services */ = {
			isa = PBXGroup;
			children = (
				8AEB57A12B07626500F05464 /* NavigationService.swift */,
				8A5D3B332B0885DE000B581C /* GroupDefaultsService.swift */,
				8A53B51A2B0A8B4500DD2F6F /* DataTransferService.swift */,
				8AEB57922B06C8DF00F05464 /* NetworkService.swift */,
			);
			path = Services;
			sourceTree = "<group>";
		};
/* End PBXGroup section */

/* Begin PBXNativeTarget section */
		8AEB575A2B06C41500F05464 /* ScheduleMobileIos */ = {
			isa = PBXNativeTarget;
			buildConfigurationList = 8AEB577F2B06C41700F05464 /* Build configuration list for PBXNativeTarget "ScheduleMobileIos" */;
			buildPhases = (
				8AEB57572B06C41500F05464 /* Sources */,
				8AEB57582B06C41500F05464 /* Frameworks */,
				8AEB57592B06C41500F05464 /* Resources */,
				8AEB57882B06C46F00F05464 /* ShellScript */,
			);
			buildRules = (
			);
			dependencies = (
			);
			name = ScheduleMobileIos;
			packageProductDependencies = (
				8A53B5162B0A7EDB00DD2F6F /* Swinject */,
				8A53B5182B0A7EDB00DD2F6F /* Swinject-Dynamic */,
			);
			productName = ScheduleMobileIos;
			productReference = 8AEB575B2B06C41500F05464 /* ScheduleMobileIos.app */;
			productType = "com.apple.product-type.application";
		};
		8AEB576A2B06C41700F05464 /* ScheduleMobileIosTests */ = {
			isa = PBXNativeTarget;
			buildConfigurationList = 8AEB57822B06C41700F05464 /* Build configuration list for PBXNativeTarget "ScheduleMobileIosTests" */;
			buildPhases = (
				8AEB57672B06C41700F05464 /* Sources */,
				8AEB57682B06C41700F05464 /* Frameworks */,
				8AEB57692B06C41700F05464 /* Resources */,
			);
			buildRules = (
			);
			dependencies = (
				8AEB576D2B06C41700F05464 /* PBXTargetDependency */,
			);
			name = ScheduleMobileIosTests;
			productName = ScheduleMobileIosTests;
			productReference = 8AEB576B2B06C41700F05464 /* ScheduleMobileIosTests.xctest */;
			productType = "com.apple.product-type.bundle.unit-test";
		};
		8AEB57742B06C41700F05464 /* ScheduleMobileIosUITests */ = {
			isa = PBXNativeTarget;
			buildConfigurationList = 8AEB57852B06C41700F05464 /* Build configuration list for PBXNativeTarget "ScheduleMobileIosUITests" */;
			buildPhases = (
				8AEB57712B06C41700F05464 /* Sources */,
				8AEB57722B06C41700F05464 /* Frameworks */,
				8AEB57732B06C41700F05464 /* Resources */,
			);
			buildRules = (
			);
			dependencies = (
				8AEB57772B06C41700F05464 /* PBXTargetDependency */,
			);
			name = ScheduleMobileIosUITests;
			productName = ScheduleMobileIosUITests;
			productReference = 8AEB57752B06C41700F05464 /* ScheduleMobileIosUITests.xctest */;
			productType = "com.apple.product-type.bundle.ui-testing";
		};
/* End PBXNativeTarget section */

/* Begin PBXProject section */
		8AEB57532B06C41500F05464 /* Project object */ = {
			isa = PBXProject;
			attributes = {
				BuildIndependentTargetsInParallel = 1;
				LastSwiftUpdateCheck = 1500;
				LastUpgradeCheck = 1500;
				TargetAttributes = {
					8AEB575A2B06C41500F05464 = {
						CreatedOnToolsVersion = 15.0;
					};
					8AEB576A2B06C41700F05464 = {
						CreatedOnToolsVersion = 15.0;
						TestTargetID = 8AEB575A2B06C41500F05464;
					};
					8AEB57742B06C41700F05464 = {
						CreatedOnToolsVersion = 15.0;
						TestTargetID = 8AEB575A2B06C41500F05464;
					};
				};
			};
			buildConfigurationList = 8AEB57562B06C41500F05464 /* Build configuration list for PBXProject "ScheduleMobileIos" */;
			compatibilityVersion = "Xcode 14.0";
			developmentRegion = en;
			hasScannedForEncodings = 0;
			knownRegions = (
				en,
				Base,
			);
			mainGroup = 8AEB57522B06C41500F05464;
			packageReferences = (
				8A9CB57A2B0A7DD30067C9C5 /* XCRemoteSwiftPackageReference "Swinject" */,
			);
			productRefGroup = 8AEB575C2B06C41500F05464 /* Products */;
			projectDirPath = "";
			projectRoot = "";
			targets = (
				8AEB575A2B06C41500F05464 /* ScheduleMobileIos */,
				8AEB576A2B06C41700F05464 /* ScheduleMobileIosTests */,
				8AEB57742B06C41700F05464 /* ScheduleMobileIosUITests */,
			);
		};
/* End PBXProject section */

/* Begin PBXResourcesBuildPhase section */
		8AEB57592B06C41500F05464 /* Resources */ = {
			isa = PBXResourcesBuildPhase;
			buildActionMask = 2147483647;
			files = (
				8AEB57662B06C41700F05464 /* Preview Assets.xcassets in Resources */,
				8AEB57632B06C41700F05464 /* Assets.xcassets in Resources */,
			);
			runOnlyForDeploymentPostprocessing = 0;
		};
		8AEB57692B06C41700F05464 /* Resources */ = {
			isa = PBXResourcesBuildPhase;
			buildActionMask = 2147483647;
			files = (
			);
			runOnlyForDeploymentPostprocessing = 0;
		};
		8AEB57732B06C41700F05464 /* Resources */ = {
			isa = PBXResourcesBuildPhase;
			buildActionMask = 2147483647;
			files = (
			);
			runOnlyForDeploymentPostprocessing = 0;
		};
/* End PBXResourcesBuildPhase section */

/* Begin PBXShellScriptBuildPhase section */
		8AEB57882B06C46F00F05464 /* ShellScript */ = {
			isa = PBXShellScriptBuildPhase;
			alwaysOutOfDate = 1;
			buildActionMask = 2147483647;
			files = (
			);
			inputFileListPaths = (
			);
			inputPaths = (
			);
			outputFileListPaths = (
			);
			outputPaths = (
			);
			runOnlyForDeploymentPostprocessing = 0;
			shellPath = /bin/sh;
			shellScript = "# Type a script or drag a script file from your workspace to insert its path.\nif which swiftlint >/dev/null; then\n  swiftlint\nelse\n  echo \"error: SwiftLint does not exist, download it from https://github.com/realm/SwiftLint\"\n  exit 1\nfi\n";
		};
/* End PBXShellScriptBuildPhase section */

/* Begin PBXSourcesBuildPhase section */
		8AEB57572B06C41500F05464 /* Sources */ = {
			isa = PBXSourcesBuildPhase;
			buildActionMask = 2147483647;
			files = (
				8A5C4E6A2B093A9F00786C13 /* TimetableView.swift in Sources */,
				8A5C4E5F2B09299600786C13 /* TeacherClassroom.swift in Sources */,
				8AEB579B2B06CAF200F05464 /* Course.swift in Sources */,
				8A9CB57C2B0A7E780067C9C5 /* Resolver.swift in Sources */,
				8A5C4E4F2B09272E00786C13 /* Timetable.swift in Sources */,
				8A5D3B342B0885DE000B581C /* GroupDefaultsService.swift in Sources */,
				8AEB57912B06C54F00F05464 /* NetworkManager.swift in Sources */,
				8A5C4E592B09282B00786C13 /* DisciplineName.swift in Sources */,
				8AEB57612B06C41500F05464 /* GroupView.swift in Sources */,
				8A5C4E472B0925D100786C13 /* Grouped.swift in Sources */,
				8A5C4E572B09281200786C13 /* Discipline.swift in Sources */,
				8A5C4E652B092D9000786C13 /* SheduleViewModel.swift in Sources */,
				8AEB57952B06C99400F05464 /* PagedList.swift in Sources */,
				8AEB579F2B07622400F05464 /* GroupViewModel.swift in Sources */,
				8AEB57A42B0763CB00F05464 /* ScheduleView.swift in Sources */,
				8A5C4E612B0929B700786C13 /* Teacher.swift in Sources */,
				8A53B51B2B0A8B4500DD2F6F /* DataTransferService.swift in Sources */,
				8A5C4E532B09279900786C13 /* Time.swift in Sources */,
				8A5C4E682B09378000786C13 /* LessonView.swift in Sources */,
				8A5C4E452B09259D00786C13 /* CurrentTimetable.swift in Sources */,
				8A5C4E492B09266500786C13 /* DateModel.swift in Sources */,
				8A5C4E5B2B0928AE00786C13 /* DisciplineCode.swift in Sources */,
				8AEB57972B06CA5400F05464 /* Group.swift in Sources */,
				8A5C4E632B092A1700786C13 /* Classroom.swift in Sources */,
				8A5C4E4B2B09269900786C13 /* Day.swift in Sources */,
				8AEB57992B06CAB600F05464 /* Term.swift in Sources */,
				8A5C4E4D2B0926E100786C13 /* WeekType.swift in Sources */,
				8A5C4E552B0927DB00786C13 /* TimeType.swift in Sources */,
				8A5C4E512B09276B00786C13 /* Lesson.swift in Sources */,
				8AEB57A22B07626500F05464 /* NavigationService.swift in Sources */,
				8AEB579D2B06CB3000F05464 /* Speciality.swift in Sources */,
				8AEB57932B06C8DF00F05464 /* NetworkService.swift in Sources */,
				8AEB575F2B06C41500F05464 /* ScheduleMobileIosApp.swift in Sources */,
				8A5C4E5D2B09293100786C13 /* DisciplineType.swift in Sources */,
			);
			runOnlyForDeploymentPostprocessing = 0;
		};
		8AEB57672B06C41700F05464 /* Sources */ = {
			isa = PBXSourcesBuildPhase;
			buildActionMask = 2147483647;
			files = (
				8AEB57702B06C41700F05464 /* ScheduleMobileIosTests.swift in Sources */,
			);
			runOnlyForDeploymentPostprocessing = 0;
		};
		8AEB57712B06C41700F05464 /* Sources */ = {
			isa = PBXSourcesBuildPhase;
			buildActionMask = 2147483647;
			files = (
				8AEB577A2B06C41700F05464 /* ScheduleMobileIosUITests.swift in Sources */,
				8AEB577C2B06C41700F05464 /* ScheduleMobileIosUITestsLaunchTests.swift in Sources */,
			);
			runOnlyForDeploymentPostprocessing = 0;
		};
/* End PBXSourcesBuildPhase section */

/* Begin PBXTargetDependency section */
		8AEB576D2B06C41700F05464 /* PBXTargetDependency */ = {
			isa = PBXTargetDependency;
			target = 8AEB575A2B06C41500F05464 /* ScheduleMobileIos */;
			targetProxy = 8AEB576C2B06C41700F05464 /* PBXContainerItemProxy */;
		};
		8AEB57772B06C41700F05464 /* PBXTargetDependency */ = {
			isa = PBXTargetDependency;
			target = 8AEB575A2B06C41500F05464 /* ScheduleMobileIos */;
			targetProxy = 8AEB57762B06C41700F05464 /* PBXContainerItemProxy */;
		};
/* End PBXTargetDependency section */

/* Begin XCBuildConfiguration section */
		8AEB577D2B06C41700F05464 /* Debug */ = {
			isa = XCBuildConfiguration;
			buildSettings = {
				ALWAYS_SEARCH_USER_PATHS = NO;
				ASSETCATALOG_COMPILER_GENERATE_SWIFT_ASSET_SYMBOL_EXTENSIONS = YES;
				CLANG_ANALYZER_NONNULL = YES;
				CLANG_ANALYZER_NUMBER_OBJECT_CONVERSION = YES_AGGRESSIVE;
				CLANG_CXX_LANGUAGE_STANDARD = "gnu++20";
				CLANG_ENABLE_MODULES = YES;
				CLANG_ENABLE_OBJC_ARC = YES;
				CLANG_ENABLE_OBJC_WEAK = YES;
				CLANG_WARN_BLOCK_CAPTURE_AUTORELEASING = YES;
				CLANG_WARN_BOOL_CONVERSION = YES;
				CLANG_WARN_COMMA = YES;
				CLANG_WARN_CONSTANT_CONVERSION = YES;
				CLANG_WARN_DEPRECATED_OBJC_IMPLEMENTATIONS = YES;
				CLANG_WARN_DIRECT_OBJC_ISA_USAGE = YES_ERROR;
				CLANG_WARN_DOCUMENTATION_COMMENTS = YES;
				CLANG_WARN_EMPTY_BODY = YES;
				CLANG_WARN_ENUM_CONVERSION = YES;
				CLANG_WARN_INFINITE_RECURSION = YES;
				CLANG_WARN_INT_CONVERSION = YES;
				CLANG_WARN_NON_LITERAL_NULL_CONVERSION = YES;
				CLANG_WARN_OBJC_IMPLICIT_RETAIN_SELF = YES;
				CLANG_WARN_OBJC_LITERAL_CONVERSION = YES;
				CLANG_WARN_OBJC_ROOT_CLASS = YES_ERROR;
				CLANG_WARN_QUOTED_INCLUDE_IN_FRAMEWORK_HEADER = YES;
				CLANG_WARN_RANGE_LOOP_ANALYSIS = YES;
				CLANG_WARN_STRICT_PROTOTYPES = YES;
				CLANG_WARN_SUSPICIOUS_MOVE = YES;
				CLANG_WARN_UNGUARDED_AVAILABILITY = YES_AGGRESSIVE;
				CLANG_WARN_UNREACHABLE_CODE = YES;
				CLANG_WARN__DUPLICATE_METHOD_MATCH = YES;
				COPY_PHASE_STRIP = NO;
				DEBUG_INFORMATION_FORMAT = dwarf;
				ENABLE_STRICT_OBJC_MSGSEND = YES;
				ENABLE_TESTABILITY = YES;
				ENABLE_USER_SCRIPT_SANDBOXING = NO;
				GCC_C_LANGUAGE_STANDARD = gnu17;
				GCC_DYNAMIC_NO_PIC = NO;
				GCC_NO_COMMON_BLOCKS = YES;
				GCC_OPTIMIZATION_LEVEL = 0;
				GCC_PREPROCESSOR_DEFINITIONS = (
					"DEBUG=1",
					"$(inherited)",
				);
				GCC_WARN_64_TO_32_BIT_CONVERSION = YES;
				GCC_WARN_ABOUT_RETURN_TYPE = YES_ERROR;
				GCC_WARN_UNDECLARED_SELECTOR = YES;
				GCC_WARN_UNINITIALIZED_AUTOS = YES_AGGRESSIVE;
				GCC_WARN_UNUSED_FUNCTION = YES;
				GCC_WARN_UNUSED_VARIABLE = YES;
				IPHONEOS_DEPLOYMENT_TARGET = 17.0;
				LOCALIZATION_PREFERS_STRING_CATALOGS = YES;
				MTL_ENABLE_DEBUG_INFO = INCLUDE_SOURCE;
				MTL_FAST_MATH = YES;
				ONLY_ACTIVE_ARCH = YES;
				SDKROOT = iphoneos;
				SWIFT_ACTIVE_COMPILATION_CONDITIONS = "DEBUG $(inherited)";
				SWIFT_OPTIMIZATION_LEVEL = "-Onone";
			};
			name = Debug;
		};
		8AEB577E2B06C41700F05464 /* Release */ = {
			isa = XCBuildConfiguration;
			buildSettings = {
				ALWAYS_SEARCH_USER_PATHS = NO;
				ASSETCATALOG_COMPILER_GENERATE_SWIFT_ASSET_SYMBOL_EXTENSIONS = YES;
				CLANG_ANALYZER_NONNULL = YES;
				CLANG_ANALYZER_NUMBER_OBJECT_CONVERSION = YES_AGGRESSIVE;
				CLANG_CXX_LANGUAGE_STANDARD = "gnu++20";
				CLANG_ENABLE_MODULES = YES;
				CLANG_ENABLE_OBJC_ARC = YES;
				CLANG_ENABLE_OBJC_WEAK = YES;
				CLANG_WARN_BLOCK_CAPTURE_AUTORELEASING = YES;
				CLANG_WARN_BOOL_CONVERSION = YES;
				CLANG_WARN_COMMA = YES;
				CLANG_WARN_CONSTANT_CONVERSION = YES;
				CLANG_WARN_DEPRECATED_OBJC_IMPLEMENTATIONS = YES;
				CLANG_WARN_DIRECT_OBJC_ISA_USAGE = YES_ERROR;
				CLANG_WARN_DOCUMENTATION_COMMENTS = YES;
				CLANG_WARN_EMPTY_BODY = YES;
				CLANG_WARN_ENUM_CONVERSION = YES;
				CLANG_WARN_INFINITE_RECURSION = YES;
				CLANG_WARN_INT_CONVERSION = YES;
				CLANG_WARN_NON_LITERAL_NULL_CONVERSION = YES;
				CLANG_WARN_OBJC_IMPLICIT_RETAIN_SELF = YES;
				CLANG_WARN_OBJC_LITERAL_CONVERSION = YES;
				CLANG_WARN_OBJC_ROOT_CLASS = YES_ERROR;
				CLANG_WARN_QUOTED_INCLUDE_IN_FRAMEWORK_HEADER = YES;
				CLANG_WARN_RANGE_LOOP_ANALYSIS = YES;
				CLANG_WARN_STRICT_PROTOTYPES = YES;
				CLANG_WARN_SUSPICIOUS_MOVE = YES;
				CLANG_WARN_UNGUARDED_AVAILABILITY = YES_AGGRESSIVE;
				CLANG_WARN_UNREACHABLE_CODE = YES;
				CLANG_WARN__DUPLICATE_METHOD_MATCH = YES;
				COPY_PHASE_STRIP = NO;
				DEBUG_INFORMATION_FORMAT = "dwarf-with-dsym";
				ENABLE_NS_ASSERTIONS = NO;
				ENABLE_STRICT_OBJC_MSGSEND = YES;
				ENABLE_USER_SCRIPT_SANDBOXING = NO;
				GCC_C_LANGUAGE_STANDARD = gnu17;
				GCC_NO_COMMON_BLOCKS = YES;
				GCC_WARN_64_TO_32_BIT_CONVERSION = YES;
				GCC_WARN_ABOUT_RETURN_TYPE = YES_ERROR;
				GCC_WARN_UNDECLARED_SELECTOR = YES;
				GCC_WARN_UNINITIALIZED_AUTOS = YES_AGGRESSIVE;
				GCC_WARN_UNUSED_FUNCTION = YES;
				GCC_WARN_UNUSED_VARIABLE = YES;
				IPHONEOS_DEPLOYMENT_TARGET = 17.0;
				LOCALIZATION_PREFERS_STRING_CATALOGS = YES;
				MTL_ENABLE_DEBUG_INFO = NO;
				MTL_FAST_MATH = YES;
				SDKROOT = iphoneos;
				SWIFT_COMPILATION_MODE = wholemodule;
				VALIDATE_PRODUCT = YES;
			};
			name = Release;
		};
		8AEB57802B06C41700F05464 /* Debug */ = {
			isa = XCBuildConfiguration;
			buildSettings = {
				ASSETCATALOG_COMPILER_APPICON_NAME = AppIcon;
				ASSETCATALOG_COMPILER_GLOBAL_ACCENT_COLOR_NAME = AccentColor;
				CODE_SIGN_STYLE = Automatic;
				CURRENT_PROJECT_VERSION = 1;
				DEVELOPMENT_ASSET_PATHS = "\"ScheduleMobileIos/Preview Content\"";
				DEVELOPMENT_TEAM = U8B83989B5;
				ENABLE_PREVIEWS = YES;
				GENERATE_INFOPLIST_FILE = YES;
				INFOPLIST_KEY_UIApplicationSceneManifest_Generation = YES;
				INFOPLIST_KEY_UIApplicationSupportsIndirectInputEvents = YES;
				INFOPLIST_KEY_UILaunchScreen_Generation = YES;
				INFOPLIST_KEY_UISupportedInterfaceOrientations_iPad = "UIInterfaceOrientationPortrait UIInterfaceOrientationPortraitUpsideDown UIInterfaceOrientationLandscapeLeft UIInterfaceOrientationLandscapeRight";
				INFOPLIST_KEY_UISupportedInterfaceOrientations_iPhone = "UIInterfaceOrientationPortrait UIInterfaceOrientationLandscapeLeft UIInterfaceOrientationLandscapeRight";
				LD_RUNPATH_SEARCH_PATHS = (
					"$(inherited)",
					"@executable_path/Frameworks",
				);
				MARKETING_VERSION = 1.0;
				PRODUCT_BUNDLE_IDENTIFIER = noh4uk.ScheduleMobileIos;
				PRODUCT_NAME = "$(TARGET_NAME)";
				SWIFT_EMIT_LOC_STRINGS = YES;
				SWIFT_VERSION = 5.0;
				TARGETED_DEVICE_FAMILY = "1,2";
			};
			name = Debug;
		};
		8AEB57812B06C41700F05464 /* Release */ = {
			isa = XCBuildConfiguration;
			buildSettings = {
				ASSETCATALOG_COMPILER_APPICON_NAME = AppIcon;
				ASSETCATALOG_COMPILER_GLOBAL_ACCENT_COLOR_NAME = AccentColor;
				CODE_SIGN_STYLE = Automatic;
				CURRENT_PROJECT_VERSION = 1;
				DEVELOPMENT_ASSET_PATHS = "\"ScheduleMobileIos/Preview Content\"";
				DEVELOPMENT_TEAM = U8B83989B5;
				ENABLE_PREVIEWS = YES;
				GENERATE_INFOPLIST_FILE = YES;
				INFOPLIST_KEY_UIApplicationSceneManifest_Generation = YES;
				INFOPLIST_KEY_UIApplicationSupportsIndirectInputEvents = YES;
				INFOPLIST_KEY_UILaunchScreen_Generation = YES;
				INFOPLIST_KEY_UISupportedInterfaceOrientations_iPad = "UIInterfaceOrientationPortrait UIInterfaceOrientationPortraitUpsideDown UIInterfaceOrientationLandscapeLeft UIInterfaceOrientationLandscapeRight";
				INFOPLIST_KEY_UISupportedInterfaceOrientations_iPhone = "UIInterfaceOrientationPortrait UIInterfaceOrientationLandscapeLeft UIInterfaceOrientationLandscapeRight";
				LD_RUNPATH_SEARCH_PATHS = (
					"$(inherited)",
					"@executable_path/Frameworks",
				);
				MARKETING_VERSION = 1.0;
				PRODUCT_BUNDLE_IDENTIFIER = noh4uk.ScheduleMobileIos;
				PRODUCT_NAME = "$(TARGET_NAME)";
				SWIFT_EMIT_LOC_STRINGS = YES;
				SWIFT_VERSION = 5.0;
				TARGETED_DEVICE_FAMILY = "1,2";
			};
			name = Release;
		};
		8AEB57832B06C41700F05464 /* Debug */ = {
			isa = XCBuildConfiguration;
			buildSettings = {
				ALWAYS_EMBED_SWIFT_STANDARD_LIBRARIES = YES;
				BUNDLE_LOADER = "$(TEST_HOST)";
				CODE_SIGN_STYLE = Automatic;
				CURRENT_PROJECT_VERSION = 1;
				DEVELOPMENT_TEAM = U8B83989B5;
				GENERATE_INFOPLIST_FILE = YES;
				IPHONEOS_DEPLOYMENT_TARGET = 17.0;
				MARKETING_VERSION = 1.0;
				PRODUCT_BUNDLE_IDENTIFIER = noh4uk.ScheduleMobileIosTests;
				PRODUCT_NAME = "$(TARGET_NAME)";
				SWIFT_EMIT_LOC_STRINGS = NO;
				SWIFT_VERSION = 5.0;
				TARGETED_DEVICE_FAMILY = "1,2";
				TEST_HOST = "$(BUILT_PRODUCTS_DIR)/ScheduleMobileIos.app/$(BUNDLE_EXECUTABLE_FOLDER_PATH)/ScheduleMobileIos";
			};
			name = Debug;
		};
		8AEB57842B06C41700F05464 /* Release */ = {
			isa = XCBuildConfiguration;
			buildSettings = {
				ALWAYS_EMBED_SWIFT_STANDARD_LIBRARIES = YES;
				BUNDLE_LOADER = "$(TEST_HOST)";
				CODE_SIGN_STYLE = Automatic;
				CURRENT_PROJECT_VERSION = 1;
				DEVELOPMENT_TEAM = U8B83989B5;
				GENERATE_INFOPLIST_FILE = YES;
				IPHONEOS_DEPLOYMENT_TARGET = 17.0;
				MARKETING_VERSION = 1.0;
				PRODUCT_BUNDLE_IDENTIFIER = noh4uk.ScheduleMobileIosTests;
				PRODUCT_NAME = "$(TARGET_NAME)";
				SWIFT_EMIT_LOC_STRINGS = NO;
				SWIFT_VERSION = 5.0;
				TARGETED_DEVICE_FAMILY = "1,2";
				TEST_HOST = "$(BUILT_PRODUCTS_DIR)/ScheduleMobileIos.app/$(BUNDLE_EXECUTABLE_FOLDER_PATH)/ScheduleMobileIos";
			};
			name = Release;
		};
		8AEB57862B06C41700F05464 /* Debug */ = {
			isa = XCBuildConfiguration;
			buildSettings = {
				ALWAYS_EMBED_SWIFT_STANDARD_LIBRARIES = YES;
				CODE_SIGN_STYLE = Automatic;
				CURRENT_PROJECT_VERSION = 1;
				DEVELOPMENT_TEAM = U8B83989B5;
				GENERATE_INFOPLIST_FILE = YES;
				MARKETING_VERSION = 1.0;
				PRODUCT_BUNDLE_IDENTIFIER = noh4uk.ScheduleMobileIosUITests;
				PRODUCT_NAME = "$(TARGET_NAME)";
				SWIFT_EMIT_LOC_STRINGS = NO;
				SWIFT_VERSION = 5.0;
				TARGETED_DEVICE_FAMILY = "1,2";
				TEST_TARGET_NAME = ScheduleMobileIos;
			};
			name = Debug;
		};
		8AEB57872B06C41700F05464 /* Release */ = {
			isa = XCBuildConfiguration;
			buildSettings = {
				ALWAYS_EMBED_SWIFT_STANDARD_LIBRARIES = YES;
				CODE_SIGN_STYLE = Automatic;
				CURRENT_PROJECT_VERSION = 1;
				DEVELOPMENT_TEAM = U8B83989B5;
				GENERATE_INFOPLIST_FILE = YES;
				MARKETING_VERSION = 1.0;
				PRODUCT_BUNDLE_IDENTIFIER = noh4uk.ScheduleMobileIosUITests;
				PRODUCT_NAME = "$(TARGET_NAME)";
				SWIFT_EMIT_LOC_STRINGS = NO;
				SWIFT_VERSION = 5.0;
				TARGETED_DEVICE_FAMILY = "1,2";
				TEST_TARGET_NAME = ScheduleMobileIos;
			};
			name = Release;
		};
/* End XCBuildConfiguration section */

/* Begin XCConfigurationList section */
		8AEB57562B06C41500F05464 /* Build configuration list for PBXProject "ScheduleMobileIos" */ = {
			isa = XCConfigurationList;
			buildConfigurations = (
				8AEB577D2B06C41700F05464 /* Debug */,
				8AEB577E2B06C41700F05464 /* Release */,
			);
			defaultConfigurationIsVisible = 0;
			defaultConfigurationName = Release;
		};
		8AEB577F2B06C41700F05464 /* Build configuration list for PBXNativeTarget "ScheduleMobileIos" */ = {
			isa = XCConfigurationList;
			buildConfigurations = (
				8AEB57802B06C41700F05464 /* Debug */,
				8AEB57812B06C41700F05464 /* Release */,
			);
			defaultConfigurationIsVisible = 0;
			defaultConfigurationName = Release;
		};
		8AEB57822B06C41700F05464 /* Build configuration list for PBXNativeTarget "ScheduleMobileIosTests" */ = {
			isa = XCConfigurationList;
			buildConfigurations = (
				8AEB57832B06C41700F05464 /* Debug */,
				8AEB57842B06C41700F05464 /* Release */,
			);
			defaultConfigurationIsVisible = 0;
			defaultConfigurationName = Release;
		};
		8AEB57852B06C41700F05464 /* Build configuration list for PBXNativeTarget "ScheduleMobileIosUITests" */ = {
			isa = XCConfigurationList;
			buildConfigurations = (
				8AEB57862B06C41700F05464 /* Debug */,
				8AEB57872B06C41700F05464 /* Release */,
			);
			defaultConfigurationIsVisible = 0;
			defaultConfigurationName = Release;
		};
/* End XCConfigurationList section */

/* Begin XCRemoteSwiftPackageReference section */
		8A9CB57A2B0A7DD30067C9C5 /* XCRemoteSwiftPackageReference "Swinject" */ = {
			isa = XCRemoteSwiftPackageReference;
			repositoryURL = "https://github.com/Swinject/Swinject.git";
			requirement = {
				kind = upToNextMajorVersion;
				minimumVersion = 2.8.4;
			};
		};
/* End XCRemoteSwiftPackageReference section */

/* Begin XCSwiftPackageProductDependency section */
		8A53B5162B0A7EDB00DD2F6F /* Swinject */ = {
			isa = XCSwiftPackageProductDependency;
			package = 8A9CB57A2B0A7DD30067C9C5 /* XCRemoteSwiftPackageReference "Swinject" */;
			productName = Swinject;
		};
		8A53B5182B0A7EDB00DD2F6F /* Swinject-Dynamic */ = {
			isa = XCSwiftPackageProductDependency;
			package = 8A9CB57A2B0A7DD30067C9C5 /* XCRemoteSwiftPackageReference "Swinject" */;
			productName = "Swinject-Dynamic";
		};
/* End XCSwiftPackageProductDependency section */
	};
	rootObject = 8AEB57532B06C41500F05464 /* Project object */;
}
